// !$*UTF8*$!
{
	archiveVersion = 1;
	classes = {
	};
	objectVersion = 50;
	objects = {

/* Begin PBXBuildFile section */
		1806E46B2268D24400F9CCE3 /* MyViewController.swift in Sources */ = {isa = PBXBuildFile; fileRef = 1806E46A2268D24400F9CCE3 /* MyViewController.swift */; };
		180CF2FA223D3F9700A9DEF2 /* Gmar.xcdatamodeld in Sources */ = {isa = PBXBuildFile; fileRef = 180CF2F8223D3F9700A9DEF2 /* Gmar.xcdatamodeld */; };
		180CF2FC223D413500A9DEF2 /* GoogleService-Info.plist in Resources */ = {isa = PBXBuildFile; fileRef = 180CF2FB223D413500A9DEF2 /* GoogleService-Info.plist */; };
		180CF2FE223D427000A9DEF2 /* ModelFireBase.swift in Sources */ = {isa = PBXBuildFile; fileRef = 180CF2FD223D427000A9DEF2 /* ModelFireBase.swift */; };
		180CF300223D44F300A9DEF2 /* Model.swift in Sources */ = {isa = PBXBuildFile; fileRef = 180CF2FF223D44F300A9DEF2 /* Model.swift */; };
		18146780226772640036BFC9 /* GenericLiquid_Confirmation.swift in Sources */ = {isa = PBXBuildFile; fileRef = 1814677F226772640036BFC9 /* GenericLiquid_Confirmation.swift */; };
		1818B1D821E0E905006E1B39 /* AppDelegate.swift in Sources */ = {isa = PBXBuildFile; fileRef = 1818B1D721E0E905006E1B39 /* AppDelegate.swift */; };
		1818B1DA21E0E905006E1B39 /* MainWindowViewController.swift in Sources */ = {isa = PBXBuildFile; fileRef = 1818B1D921E0E905006E1B39 /* MainWindowViewController.swift */; };
		1818B1DD21E0E905006E1B39 /* Main.storyboard in Resources */ = {isa = PBXBuildFile; fileRef = 1818B1DB21E0E905006E1B39 /* Main.storyboard */; };
		1818B1DF21E0E906006E1B39 /* Assets.xcassets in Resources */ = {isa = PBXBuildFile; fileRef = 1818B1DE21E0E906006E1B39 /* Assets.xcassets */; };
		1818B1E221E0E906006E1B39 /* LaunchScreen.storyboard in Resources */ = {isa = PBXBuildFile; fileRef = 1818B1E021E0E906006E1B39 /* LaunchScreen.storyboard */; };
		1818B1F621E1196C006E1B39 /* BabyGuard Mockup.pdf in Resources */ = {isa = PBXBuildFile; fileRef = 1818B1F521E1196C006E1B39 /* BabyGuard Mockup.pdf */; };
		1835C4F6228EC4A900BF2AF2 /* DevelopmentalEventsDataSource.swift in Sources */ = {isa = PBXBuildFile; fileRef = 1835C4F5228EC4A900BF2AF2 /* DevelopmentalEventsDataSource.swift */; };
		1835C4F8228EDC0600BF2AF2 /* DevelopmentalEventViewController.swift in Sources */ = {isa = PBXBuildFile; fileRef = 1835C4F7228EDC0600BF2AF2 /* DevelopmentalEventViewController.swift */; };
		1835C4FA228EDC7D00BF2AF2 /* DevelopmentalEventTableViewCell.swift in Sources */ = {isa = PBXBuildFile; fileRef = 1835C4F9228EDC7D00BF2AF2 /* DevelopmentalEventTableViewCell.swift */; };
		1835C4FD228FF98B00BF2AF2 /* FamilyReportEventViewController.swift in Sources */ = {isa = PBXBuildFile; fileRef = 1835C4FC228FF98B00BF2AF2 /* FamilyReportEventViewController.swift */; };
		183CFCCD226F7A3600F7FF68 /* AppColors.swift in Sources */ = {isa = PBXBuildFile; fileRef = 183CFCCC226F7A3600F7FF68 /* AppColors.swift */; };
		183CFCCF226F7AA600F7FF68 /* DesignViewsHelper.swift in Sources */ = {isa = PBXBuildFile; fileRef = 183CFCCE226F7AA600F7FF68 /* DesignViewsHelper.swift */; };
		183CFCD1226F7B5C00F7FF68 /* StackHelper.swift in Sources */ = {isa = PBXBuildFile; fileRef = 183CFCD0226F7B5C00F7FF68 /* StackHelper.swift */; };
		183CFCD3226F7C0300F7FF68 /* TapGestures.swift in Sources */ = {isa = PBXBuildFile; fileRef = 183CFCD2226F7C0300F7FF68 /* TapGestures.swift */; };
		183CFCD5226F7C9700F7FF68 /* KeyboardMovment.swift in Sources */ = {isa = PBXBuildFile; fileRef = 183CFCD4226F7C9700F7FF68 /* KeyboardMovment.swift */; };
		183CFCD7226F7CD800F7FF68 /* PhotosUtility.swift in Sources */ = {isa = PBXBuildFile; fileRef = 183CFCD6226F7CD800F7FF68 /* PhotosUtility.swift */; };
		183CFCD9226F7D1700F7FF68 /* EdgeShadowLayer.swift in Sources */ = {isa = PBXBuildFile; fileRef = 183CFCD8226F7D1700F7FF68 /* EdgeShadowLayer.swift */; };
		185169682299338100A4E929 /* DeleteViewController.swift in Sources */ = {isa = PBXBuildFile; fileRef = 185169672299338100A4E929 /* DeleteViewController.swift */; };
		1851696A229933EB00A4E929 /* DeleteTableViewCell.swift in Sources */ = {isa = PBXBuildFile; fileRef = 18516969229933EB00A4E929 /* DeleteTableViewCell.swift */; };
		18586D6022730926004F219C /* KidCollectionViewCell.swift in Sources */ = {isa = PBXBuildFile; fileRef = 18586D5F22730926004F219C /* KidCollectionViewCell.swift */; };
		18586D6322731CA5004F219C /* MyButtonLandscapeView.xib in Resources */ = {isa = PBXBuildFile; fileRef = 18586D6222731CA5004F219C /* MyButtonLandscapeView.xib */; };
		18586D6522731CB3004F219C /* MyButtonLandscapeView.swift in Sources */ = {isa = PBXBuildFile; fileRef = 18586D6422731CB3004F219C /* MyButtonLandscapeView.swift */; };
		1866066D226B55BE006F20B0 /* MyButton.xib in Resources */ = {isa = PBXBuildFile; fileRef = 1866066C226B55BE006F20B0 /* MyButton.xib */; };
		1866066F226B597B006F20B0 /* MyButtonView.swift in Sources */ = {isa = PBXBuildFile; fileRef = 1866066E226B597B006F20B0 /* MyButtonView.swift */; };
		18788798221D4C510047A935 /* MultiChoiseViewController.swift in Sources */ = {isa = PBXBuildFile; fileRef = 18788797221D4C510047A935 /* MultiChoiseViewController.swift */; };
		1878879A221D54E90047A935 /* MultiChoiseTableViewCell.swift in Sources */ = {isa = PBXBuildFile; fileRef = 18788799221D54E90047A935 /* MultiChoiseTableViewCell.swift */; };
		1878879C221D7C260047A935 /* DateAdmin.swift in Sources */ = {isa = PBXBuildFile; fileRef = 1878879B221D7C260047A935 /* DateAdmin.swift */; };
		1885E94122A2600C00B6FAE5 /* ModelPolling.swift in Sources */ = {isa = PBXBuildFile; fileRef = 1885E94022A2600C00B6FAE5 /* ModelPolling.swift */; };
		1885E94322A270A200B6FAE5 /* HttpError.swift in Sources */ = {isa = PBXBuildFile; fileRef = 1885E94222A270A200B6FAE5 /* HttpError.swift */; };
		1885E94622A3BA8500B6FAE5 /* ImmidiateAlert.swift in Sources */ = {isa = PBXBuildFile; fileRef = 1885E94522A3BA8500B6FAE5 /* ImmidiateAlert.swift */; };
		1885E94822A3F49600B6FAE5 /* HeartRateViewController.swift in Sources */ = {isa = PBXBuildFile; fileRef = 1885E94722A3F49600B6FAE5 /* HeartRateViewController.swift */; };
		1885E94A22A414BB00B6FAE5 /* JsonParsing.swift in Sources */ = {isa = PBXBuildFile; fileRef = 1885E94922A414BB00B6FAE5 /* JsonParsing.swift */; };
		1887F4A62219D0B5007682A8 /* EventKindViewController.swift in Sources */ = {isa = PBXBuildFile; fileRef = 1887F4A52219D0B5007682A8 /* EventKindViewController.swift */; };
		1887F4A82219DD2B007682A8 /* BasicEventViewController.swift in Sources */ = {isa = PBXBuildFile; fileRef = 1887F4A72219DD2B007682A8 /* BasicEventViewController.swift */; };
		1887F4AD221ADF15007682A8 /* GenericDecisionViewController.swift in Sources */ = {isa = PBXBuildFile; fileRef = 1887F4AC221ADF15007682A8 /* GenericDecisionViewController.swift */; };
		1887F4AF221AE93A007682A8 /* GenericEventInfoViewController.swift in Sources */ = {isa = PBXBuildFile; fileRef = 1887F4AE221AE93A007682A8 /* GenericEventInfoViewController.swift */; };
		1887F4B2221AFE0E007682A8 /* PaddingLabel.swift in Sources */ = {isa = PBXBuildFile; fileRef = 1887F4B1221AFE0E007682A8 /* PaddingLabel.swift */; };
		1887F4B4221B14A2007682A8 /* Enums.swift in Sources */ = {isa = PBXBuildFile; fileRef = 1887F4B3221B14A2007682A8 /* Enums.swift */; };
		1887F4B6221B1E13007682A8 /* GenericLiquidViewController.swift in Sources */ = {isa = PBXBuildFile; fileRef = 1887F4B5221B1E13007682A8 /* GenericLiquidViewController.swift */; };
		1887F4B9221B2A5A007682A8 /* GenericVC.swift in Sources */ = {isa = PBXBuildFile; fileRef = 1887F4B8221B2A5A007682A8 /* GenericVC.swift */; };
		1887F4BF221B3FCD007682A8 /* RPicker.swift in Sources */ = {isa = PBXBuildFile; fileRef = 1887F4BE221B3FCD007682A8 /* RPicker.swift */; };
		188C8E9A2291D1C000DF85B7 /* DevelopEventCollectionViewCell.swift in Sources */ = {isa = PBXBuildFile; fileRef = 188C8E992291D1C000DF85B7 /* DevelopEventCollectionViewCell.swift */; };
		188C8E9C2292C4AD00DF85B7 /* FamilyReportCollectionViewCell.swift in Sources */ = {isa = PBXBuildFile; fileRef = 188C8E9B2292C4AD00DF85B7 /* FamilyReportCollectionViewCell.swift */; };
		188C8E9E2292D9B200DF85B7 /* GeneralNoteCollectionViewCell.swift in Sources */ = {isa = PBXBuildFile; fileRef = 188C8E9D2292D9B200DF85B7 /* GeneralNoteCollectionViewCell.swift */; };
		188C8EA02292D9CD00DF85B7 /* AlertCollectionViewCell.swift in Sources */ = {isa = PBXBuildFile; fileRef = 188C8E9F2292D9CD00DF85B7 /* AlertCollectionViewCell.swift */; };
		18991FED22184C2800180600 /* SecularOne-Regular.ttf in Resources */ = {isa = PBXBuildFile; fileRef = 18991FEC22184C2800180600 /* SecularOne-Regular.ttf */; };
		18991FEF22184C3400180600 /* VarelaRound-Regular.ttf in Resources */ = {isa = PBXBuildFile; fileRef = 18991FEE22184C3400180600 /* VarelaRound-Regular.ttf */; };
		18991FF122185E6600180600 /* TeacherAddEventViewController.swift in Sources */ = {isa = PBXBuildFile; fileRef = 18991FF022185E6600180600 /* TeacherAddEventViewController.swift */; };
		189B35362242384B00D33A6C /* SettingsViewController.swift in Sources */ = {isa = PBXBuildFile; fileRef = 189B35352242384B00D33A6C /* SettingsViewController.swift */; };
		189B353A22423DE600D33A6C /* AddChildViewController.swift in Sources */ = {isa = PBXBuildFile; fileRef = 189B353922423DE600D33A6C /* AddChildViewController.swift */; };
		189B353C224263CD00D33A6C /* ChildPickerTableViewCell.swift in Sources */ = {isa = PBXBuildFile; fileRef = 189B353B224263CD00D33A6C /* ChildPickerTableViewCell.swift */; };
		189B353E224275C000D33A6C /* AddChildSecondViewController.swift in Sources */ = {isa = PBXBuildFile; fileRef = 189B353D224275C000D33A6C /* AddChildSecondViewController.swift */; };
		189B354122428E4B00D33A6C /* AlergicTableViewCell.swift in Sources */ = {isa = PBXBuildFile; fileRef = 189B354022428E4B00D33A6C /* AlergicTableViewCell.swift */; };
		189B354322428E6900D33A6C /* FoodsTableViewCell.swift in Sources */ = {isa = PBXBuildFile; fileRef = 189B354222428E6900D33A6C /* FoodsTableViewCell.swift */; };
		189B354522428E8E00D33A6C /* DiasesMedTableViewCell.swift in Sources */ = {isa = PBXBuildFile; fileRef = 189B354422428E8E00D33A6C /* DiasesMedTableViewCell.swift */; };
		18A25F3B2271AEAE009B6A6B /* BasicEventCollectionViewCell.swift in Sources */ = {isa = PBXBuildFile; fileRef = 18A25F3A2271AEAE009B6A6B /* BasicEventCollectionViewCell.swift */; };
		18BFE193224651250084D766 /* Permissions.swift in Sources */ = {isa = PBXBuildFile; fileRef = 18BFE192224651250084D766 /* Permissions.swift */; };
		18BFE1952246739E0084D766 /* AddTeacherViewController.swift in Sources */ = {isa = PBXBuildFile; fileRef = 18BFE1942246739E0084D766 /* AddTeacherViewController.swift */; };
		18C59D6D225CEE65003BD029 /* GenericEventInfo_Confirmation.swift in Sources */ = {isa = PBXBuildFile; fileRef = 18C59D6C225CEE65003BD029 /* GenericEventInfo_Confirmation.swift */; };
		18DE415C226CBAC800314AA0 /* KidsInfoViewController.swift in Sources */ = {isa = PBXBuildFile; fileRef = 18DE415B226CBAC800314AA0 /* KidsInfoViewController.swift */; };
		18DE415E226E391B00314AA0 /* IndividualInfoViewController.swift in Sources */ = {isa = PBXBuildFile; fileRef = 18DE415D226E391B00314AA0 /* IndividualInfoViewController.swift */; };
		18FA86FF224F6F8400CFA4ED /* SimpleAlert.swift in Sources */ = {isa = PBXBuildFile; fileRef = 18FA86FE224F6F8400CFA4ED /* SimpleAlert.swift */; };
		A8299D6922537FDD006E961F /* Allergenic+CoreDataClass.swift in Sources */ = {isa = PBXBuildFile; fileRef = A8299D6722537FDD006E961F /* Allergenic+CoreDataClass.swift */; };
		A8299D6A22537FDD006E961F /* Allergenic+CoreDataProperties.swift in Sources */ = {isa = PBXBuildFile; fileRef = A8299D6822537FDD006E961F /* Allergenic+CoreDataProperties.swift */; };
		A8299D6E22538538006E961F /* ChronicDisease+CoreDataClass.swift in Sources */ = {isa = PBXBuildFile; fileRef = A8299D6C22538538006E961F /* ChronicDisease+CoreDataClass.swift */; };
		A8299D6F22538538006E961F /* ChronicDisease+CoreDataProperties.swift in Sources */ = {isa = PBXBuildFile; fileRef = A8299D6D22538538006E961F /* ChronicDisease+CoreDataProperties.swift */; };
		A8299D73225386E4006E961F /* RoutineMedication+CoreDataClass.swift in Sources */ = {isa = PBXBuildFile; fileRef = A8299D71225386E4006E961F /* RoutineMedication+CoreDataClass.swift */; };
		A8299D74225386E4006E961F /* RoutineMedication+CoreDataProperties.swift in Sources */ = {isa = PBXBuildFile; fileRef = A8299D72225386E4006E961F /* RoutineMedication+CoreDataProperties.swift */; };
		A833C299228BE2B8003855FB /* ModelHttp.swift in Sources */ = {isa = PBXBuildFile; fileRef = A833C298228BE2B8003855FB /* ModelHttp.swift */; };
		A850810B22AA37AF00B057C1 /* BasicEvent+CoreDataClass.swift in Sources */ = {isa = PBXBuildFile; fileRef = A850810922AA37AF00B057C1 /* BasicEvent+CoreDataClass.swift */; };
		A850810C22AA37AF00B057C1 /* BasicEvent+CoreDataProperties.swift in Sources */ = {isa = PBXBuildFile; fileRef = A850810A22AA37AF00B057C1 /* BasicEvent+CoreDataProperties.swift */; };
		A850810F22AA584200B057C1 /* DevelopmentalEvent+CoreDataClass.swift in Sources */ = {isa = PBXBuildFile; fileRef = A850810D22AA584200B057C1 /* DevelopmentalEvent+CoreDataClass.swift */; };
		A850811022AA584200B057C1 /* DevelopmentalEvent+CoreDataProperties.swift in Sources */ = {isa = PBXBuildFile; fileRef = A850810E22AA584200B057C1 /* DevelopmentalEvent+CoreDataProperties.swift */; };
		A850811322AA620500B057C1 /* LiquidFood+CoreDataClass.swift in Sources */ = {isa = PBXBuildFile; fileRef = A850811122AA620500B057C1 /* LiquidFood+CoreDataClass.swift */; };
		A850811422AA620500B057C1 /* LiquidFood+CoreDataProperties.swift in Sources */ = {isa = PBXBuildFile; fileRef = A850811222AA620500B057C1 /* LiquidFood+CoreDataProperties.swift */; };
		A8576DFD224A6D2700CBA907 /* GeneralBehavior+CoreDataClass.swift in Sources */ = {isa = PBXBuildFile; fileRef = A8576DFB224A6D2700CBA907 /* GeneralBehavior+CoreDataClass.swift */; };
		A8576DFE224A6D2700CBA907 /* GeneralBehavior+CoreDataProperties.swift in Sources */ = {isa = PBXBuildFile; fileRef = A8576DFC224A6D2700CBA907 /* GeneralBehavior+CoreDataProperties.swift */; };
		A8576E05224A6D9500CBA907 /* Parasites+CoreDataClass.swift in Sources */ = {isa = PBXBuildFile; fileRef = A8576E03224A6D9500CBA907 /* Parasites+CoreDataClass.swift */; };
		A8576E06224A6D9500CBA907 /* Parasites+CoreDataProperties.swift in Sources */ = {isa = PBXBuildFile; fileRef = A8576E04224A6D9500CBA907 /* Parasites+CoreDataProperties.swift */; };
		A8576E09224A6DCA00CBA907 /* Disease+CoreDataClass.swift in Sources */ = {isa = PBXBuildFile; fileRef = A8576E07224A6DCA00CBA907 /* Disease+CoreDataClass.swift */; };
		A8576E0A224A6DCA00CBA907 /* Disease+CoreDataProperties.swift in Sources */ = {isa = PBXBuildFile; fileRef = A8576E08224A6DCA00CBA907 /* Disease+CoreDataProperties.swift */; };
		A8576E0D224A6E1500CBA907 /* Medication+CoreDataClass.swift in Sources */ = {isa = PBXBuildFile; fileRef = A8576E0B224A6E1500CBA907 /* Medication+CoreDataClass.swift */; };
		A8576E0E224A6E1500CBA907 /* Medication+CoreDataProperties.swift in Sources */ = {isa = PBXBuildFile; fileRef = A8576E0C224A6E1500CBA907 /* Medication+CoreDataProperties.swift */; };
		A8576E11224A6E4C00CBA907 /* Rash+CoreDataClass.swift in Sources */ = {isa = PBXBuildFile; fileRef = A8576E0F224A6E4C00CBA907 /* Rash+CoreDataClass.swift */; };
		A8576E12224A6E4C00CBA907 /* Rash+CoreDataProperties.swift in Sources */ = {isa = PBXBuildFile; fileRef = A8576E10224A6E4C00CBA907 /* Rash+CoreDataProperties.swift */; };
		A8576E1D224A6F0200CBA907 /* Fever+CoreDataClass.swift in Sources */ = {isa = PBXBuildFile; fileRef = A8576E1B224A6F0200CBA907 /* Fever+CoreDataClass.swift */; };
		A8576E1E224A6F0200CBA907 /* Fever+CoreDataProperties.swift in Sources */ = {isa = PBXBuildFile; fileRef = A8576E1C224A6F0200CBA907 /* Fever+CoreDataProperties.swift */; };
		A8576E21224A6F4C00CBA907 /* Urine+CoreDataClass.swift in Sources */ = {isa = PBXBuildFile; fileRef = A8576E1F224A6F4C00CBA907 /* Urine+CoreDataClass.swift */; };
		A8576E22224A6F4C00CBA907 /* Urine+CoreDataProperties.swift in Sources */ = {isa = PBXBuildFile; fileRef = A8576E20224A6F4C00CBA907 /* Urine+CoreDataProperties.swift */; };
		A8576E25224A6F8000CBA907 /* Feces+CoreDataClass.swift in Sources */ = {isa = PBXBuildFile; fileRef = A8576E23224A6F8000CBA907 /* Feces+CoreDataClass.swift */; };
		A8576E26224A6F8000CBA907 /* Feces+CoreDataProperties.swift in Sources */ = {isa = PBXBuildFile; fileRef = A8576E24224A6F8000CBA907 /* Feces+CoreDataProperties.swift */; };
		A8576E35224A70DA00CBA907 /* Sleep+CoreDataClass.swift in Sources */ = {isa = PBXBuildFile; fileRef = A8576E33224A70DA00CBA907 /* Sleep+CoreDataClass.swift */; };
		A8576E36224A70DA00CBA907 /* Sleep+CoreDataProperties.swift in Sources */ = {isa = PBXBuildFile; fileRef = A8576E34224A70DA00CBA907 /* Sleep+CoreDataProperties.swift */; };
		A868E9AB227110CA000B3230 /* Cough+CoreDataClass.swift in Sources */ = {isa = PBXBuildFile; fileRef = A868E9A9227110CA000B3230 /* Cough+CoreDataClass.swift */; };
		A868E9AC227110CA000B3230 /* Cough+CoreDataProperties.swift in Sources */ = {isa = PBXBuildFile; fileRef = A868E9AA227110CA000B3230 /* Cough+CoreDataProperties.swift */; };
		A872BE002290B9F00078DC5F /* Vomitus+CoreDataClass.swift in Sources */ = {isa = PBXBuildFile; fileRef = A872BDFE2290B9F00078DC5F /* Vomitus+CoreDataClass.swift */; };
		A872BE012290B9F00078DC5F /* Vomitus+CoreDataProperties.swift in Sources */ = {isa = PBXBuildFile; fileRef = A872BDFF2290B9F00078DC5F /* Vomitus+CoreDataProperties.swift */; };
		A872BE042290BA5B0078DC5F /* Secretion+CoreDataClass.swift in Sources */ = {isa = PBXBuildFile; fileRef = A872BE022290BA5B0078DC5F /* Secretion+CoreDataClass.swift */; };
		A872BE052290BA5B0078DC5F /* Secretion+CoreDataProperties.swift in Sources */ = {isa = PBXBuildFile; fileRef = A872BE032290BA5B0078DC5F /* Secretion+CoreDataProperties.swift */; };
		A872BE09229143070078DC5F /* FamilyReport+CoreDataClass.swift in Sources */ = {isa = PBXBuildFile; fileRef = A872BE07229143070078DC5F /* FamilyReport+CoreDataClass.swift */; };
		A872BE0A229143070078DC5F /* FamilyReport+CoreDataProperties.swift in Sources */ = {isa = PBXBuildFile; fileRef = A872BE08229143070078DC5F /* FamilyReport+CoreDataProperties.swift */; };
		A872BE0D229149FC0078DC5F /* GeneralNote+CoreDataClass.swift in Sources */ = {isa = PBXBuildFile; fileRef = A872BE0B229149FC0078DC5F /* GeneralNote+CoreDataClass.swift */; };
		A872BE0E229149FC0078DC5F /* GeneralNote+CoreDataProperties.swift in Sources */ = {isa = PBXBuildFile; fileRef = A872BE0C229149FC0078DC5F /* GeneralNote+CoreDataProperties.swift */; };
		A872BE1122914C930078DC5F /* Attendance+CoreDataClass.swift in Sources */ = {isa = PBXBuildFile; fileRef = A872BE0F22914C930078DC5F /* Attendance+CoreDataClass.swift */; };
		A872BE1222914C930078DC5F /* Attendance+CoreDataProperties.swift in Sources */ = {isa = PBXBuildFile; fileRef = A872BE1022914C930078DC5F /* Attendance+CoreDataProperties.swift */; };
		A872BE1522914ED70078DC5F /* Staff+CoreDataClass.swift in Sources */ = {isa = PBXBuildFile; fileRef = A872BE1322914ED70078DC5F /* Staff+CoreDataClass.swift */; };
		A872BE1622914ED70078DC5F /* Staff+CoreDataProperties.swift in Sources */ = {isa = PBXBuildFile; fileRef = A872BE1422914ED70078DC5F /* Staff+CoreDataProperties.swift */; };
		A872BE1922914FAF0078DC5F /* Child+CoreDataClass.swift in Sources */ = {isa = PBXBuildFile; fileRef = A872BE1722914FAF0078DC5F /* Child+CoreDataClass.swift */; };
		A872BE1A22914FAF0078DC5F /* Child+CoreDataProperties.swift in Sources */ = {isa = PBXBuildFile; fileRef = A872BE1822914FAF0078DC5F /* Child+CoreDataProperties.swift */; };
		A88BBFA622576A9A00F9C0B4 /* Food+CoreDataClass.swift in Sources */ = {isa = PBXBuildFile; fileRef = A88BBFA422576A9A00F9C0B4 /* Food+CoreDataClass.swift */; };
		A88BBFA722576A9A00F9C0B4 /* Food+CoreDataProperties.swift in Sources */ = {isa = PBXBuildFile; fileRef = A88BBFA522576A9A00F9C0B4 /* Food+CoreDataProperties.swift */; };
		A88BBFAA225A7E5100F9C0B4 /* Water+CoreDataClass.swift in Sources */ = {isa = PBXBuildFile; fileRef = A88BBFA8225A7E5100F9C0B4 /* Water+CoreDataClass.swift */; };
		A88BBFAB225A7E5100F9C0B4 /* Water+CoreDataProperties.swift in Sources */ = {isa = PBXBuildFile; fileRef = A88BBFA9225A7E5100F9C0B4 /* Water+CoreDataProperties.swift */; };
		A88BBFAE225A7EB900F9C0B4 /* SolidFood+CoreDataClass.swift in Sources */ = {isa = PBXBuildFile; fileRef = A88BBFAC225A7EB900F9C0B4 /* SolidFood+CoreDataClass.swift */; };
		A88BBFAF225A7EB900F9C0B4 /* SolidFood+CoreDataProperties.swift in Sources */ = {isa = PBXBuildFile; fileRef = A88BBFAD225A7EB900F9C0B4 /* SolidFood+CoreDataProperties.swift */; };
		A896494822A14BD40004FDE3 /* PulseAlert+CoreDataClass.swift in Sources */ = {isa = PBXBuildFile; fileRef = A896494622A14BD40004FDE3 /* PulseAlert+CoreDataClass.swift */; };
		A896494922A14BD40004FDE3 /* PulseAlert+CoreDataProperties.swift in Sources */ = {isa = PBXBuildFile; fileRef = A896494722A14BD40004FDE3 /* PulseAlert+CoreDataProperties.swift */; };
		A896494C22A179E80004FDE3 /* Alert+CoreDataClass.swift in Sources */ = {isa = PBXBuildFile; fileRef = A896494A22A179E80004FDE3 /* Alert+CoreDataClass.swift */; };
		A896494D22A179E80004FDE3 /* Alert+CoreDataProperties.swift in Sources */ = {isa = PBXBuildFile; fileRef = A896494B22A179E80004FDE3 /* Alert+CoreDataProperties.swift */; };
		A8ED33832296861D008E4688 /* AuthorizedAccompanist+CoreDataClass.swift in Sources */ = {isa = PBXBuildFile; fileRef = A8ED33812296861D008E4688 /* AuthorizedAccompanist+CoreDataClass.swift */; };
		A8ED33842296861D008E4688 /* AuthorizedAccompanist+CoreDataProperties.swift in Sources */ = {isa = PBXBuildFile; fileRef = A8ED33822296861D008E4688 /* AuthorizedAccompanist+CoreDataProperties.swift */; };
		A8F7F381221888CB00F21DAD /* Utility.swift in Sources */ = {isa = PBXBuildFile; fileRef = A8F7F380221888CB00F21DAD /* Utility.swift */; };
		BEEB2D74529193A123CAF0E7 /* Pods_Gmar.framework in Frameworks */ = {isa = PBXBuildFile; fileRef = D2EF71FC037F2B868063EFE6 /* Pods_Gmar.framework */; };
/* End PBXBuildFile section */

/* Begin PBXFileReference section */
		1806E46A2268D24400F9CCE3 /* MyViewController.swift */ = {isa = PBXFileReference; lastKnownFileType = sourcecode.swift; path = MyViewController.swift; sourceTree = "<group>"; };
		180CF2F9223D3F9700A9DEF2 /* DataModel.xcdatamodel */ = {isa = PBXFileReference; explicitFileType = wrapper.xcdatamodel; path = DataModel.xcdatamodel; sourceTree = "<group>"; };
		180CF2FB223D413500A9DEF2 /* GoogleService-Info.plist */ = {isa = PBXFileReference; fileEncoding = 4; lastKnownFileType = text.plist.xml; path = "GoogleService-Info.plist"; sourceTree = "<group>"; };
		180CF2FD223D427000A9DEF2 /* ModelFireBase.swift */ = {isa = PBXFileReference; lastKnownFileType = sourcecode.swift; path = ModelFireBase.swift; sourceTree = "<group>"; };
		180CF2FF223D44F300A9DEF2 /* Model.swift */ = {isa = PBXFileReference; lastKnownFileType = sourcecode.swift; path = Model.swift; sourceTree = "<group>"; };
		1814677F226772640036BFC9 /* GenericLiquid_Confirmation.swift */ = {isa = PBXFileReference; lastKnownFileType = sourcecode.swift; path = GenericLiquid_Confirmation.swift; sourceTree = "<group>"; };
		1818B1D421E0E905006E1B39 /* Gmar.app */ = {isa = PBXFileReference; explicitFileType = wrapper.application; includeInIndex = 0; path = Gmar.app; sourceTree = BUILT_PRODUCTS_DIR; };
		1818B1D721E0E905006E1B39 /* AppDelegate.swift */ = {isa = PBXFileReference; lastKnownFileType = sourcecode.swift; path = AppDelegate.swift; sourceTree = "<group>"; };
		1818B1D921E0E905006E1B39 /* MainWindowViewController.swift */ = {isa = PBXFileReference; lastKnownFileType = sourcecode.swift; path = MainWindowViewController.swift; sourceTree = "<group>"; };
		1818B1DC21E0E905006E1B39 /* Base */ = {isa = PBXFileReference; lastKnownFileType = file.storyboard; name = Base; path = Base.lproj/Main.storyboard; sourceTree = "<group>"; };
		1818B1DE21E0E906006E1B39 /* Assets.xcassets */ = {isa = PBXFileReference; lastKnownFileType = folder.assetcatalog; path = Assets.xcassets; sourceTree = "<group>"; };
		1818B1E121E0E906006E1B39 /* Base */ = {isa = PBXFileReference; lastKnownFileType = file.storyboard; name = Base; path = Base.lproj/LaunchScreen.storyboard; sourceTree = "<group>"; };
		1818B1E321E0E906006E1B39 /* Info.plist */ = {isa = PBXFileReference; lastKnownFileType = text.plist.xml; path = Info.plist; sourceTree = "<group>"; };
		1818B1F521E1196C006E1B39 /* BabyGuard Mockup.pdf */ = {isa = PBXFileReference; lastKnownFileType = image.pdf; path = "BabyGuard Mockup.pdf"; sourceTree = "<group>"; };
		1835C4F5228EC4A900BF2AF2 /* DevelopmentalEventsDataSource.swift */ = {isa = PBXFileReference; lastKnownFileType = sourcecode.swift; path = DevelopmentalEventsDataSource.swift; sourceTree = "<group>"; };
		1835C4F7228EDC0600BF2AF2 /* DevelopmentalEventViewController.swift */ = {isa = PBXFileReference; lastKnownFileType = sourcecode.swift; path = DevelopmentalEventViewController.swift; sourceTree = "<group>"; };
		1835C4F9228EDC7D00BF2AF2 /* DevelopmentalEventTableViewCell.swift */ = {isa = PBXFileReference; lastKnownFileType = sourcecode.swift; path = DevelopmentalEventTableViewCell.swift; sourceTree = "<group>"; };
		1835C4FC228FF98B00BF2AF2 /* FamilyReportEventViewController.swift */ = {isa = PBXFileReference; lastKnownFileType = sourcecode.swift; path = FamilyReportEventViewController.swift; sourceTree = "<group>"; };
		183CFCCC226F7A3600F7FF68 /* AppColors.swift */ = {isa = PBXFileReference; lastKnownFileType = sourcecode.swift; path = AppColors.swift; sourceTree = "<group>"; };
		183CFCCE226F7AA600F7FF68 /* DesignViewsHelper.swift */ = {isa = PBXFileReference; lastKnownFileType = sourcecode.swift; path = DesignViewsHelper.swift; sourceTree = "<group>"; };
		183CFCD0226F7B5C00F7FF68 /* StackHelper.swift */ = {isa = PBXFileReference; lastKnownFileType = sourcecode.swift; path = StackHelper.swift; sourceTree = "<group>"; };
		183CFCD2226F7C0300F7FF68 /* TapGestures.swift */ = {isa = PBXFileReference; lastKnownFileType = sourcecode.swift; path = TapGestures.swift; sourceTree = "<group>"; };
		183CFCD4226F7C9700F7FF68 /* KeyboardMovment.swift */ = {isa = PBXFileReference; lastKnownFileType = sourcecode.swift; path = KeyboardMovment.swift; sourceTree = "<group>"; };
		183CFCD6226F7CD800F7FF68 /* PhotosUtility.swift */ = {isa = PBXFileReference; lastKnownFileType = sourcecode.swift; path = PhotosUtility.swift; sourceTree = "<group>"; };
		183CFCD8226F7D1700F7FF68 /* EdgeShadowLayer.swift */ = {isa = PBXFileReference; lastKnownFileType = sourcecode.swift; path = EdgeShadowLayer.swift; sourceTree = "<group>"; };
		185169672299338100A4E929 /* DeleteViewController.swift */ = {isa = PBXFileReference; lastKnownFileType = sourcecode.swift; path = DeleteViewController.swift; sourceTree = "<group>"; };
		18516969229933EB00A4E929 /* DeleteTableViewCell.swift */ = {isa = PBXFileReference; lastKnownFileType = sourcecode.swift; path = DeleteTableViewCell.swift; sourceTree = "<group>"; };
		18586D5F22730926004F219C /* KidCollectionViewCell.swift */ = {isa = PBXFileReference; lastKnownFileType = sourcecode.swift; path = KidCollectionViewCell.swift; sourceTree = "<group>"; };
		18586D6222731CA5004F219C /* MyButtonLandscapeView.xib */ = {isa = PBXFileReference; lastKnownFileType = file.xib; path = MyButtonLandscapeView.xib; sourceTree = "<group>"; };
		18586D6422731CB3004F219C /* MyButtonLandscapeView.swift */ = {isa = PBXFileReference; lastKnownFileType = sourcecode.swift; path = MyButtonLandscapeView.swift; sourceTree = "<group>"; };
		1866066C226B55BE006F20B0 /* MyButton.xib */ = {isa = PBXFileReference; lastKnownFileType = file.xib; path = MyButton.xib; sourceTree = "<group>"; };
		1866066E226B597B006F20B0 /* MyButtonView.swift */ = {isa = PBXFileReference; lastKnownFileType = sourcecode.swift; path = MyButtonView.swift; sourceTree = "<group>"; };
		18788797221D4C510047A935 /* MultiChoiseViewController.swift */ = {isa = PBXFileReference; lastKnownFileType = sourcecode.swift; path = MultiChoiseViewController.swift; sourceTree = "<group>"; };
		18788799221D54E90047A935 /* MultiChoiseTableViewCell.swift */ = {isa = PBXFileReference; lastKnownFileType = sourcecode.swift; path = MultiChoiseTableViewCell.swift; sourceTree = "<group>"; };
		1878879B221D7C260047A935 /* DateAdmin.swift */ = {isa = PBXFileReference; lastKnownFileType = sourcecode.swift; path = DateAdmin.swift; sourceTree = "<group>"; };
		1885E94022A2600C00B6FAE5 /* ModelPolling.swift */ = {isa = PBXFileReference; lastKnownFileType = sourcecode.swift; path = ModelPolling.swift; sourceTree = "<group>"; };
		1885E94222A270A200B6FAE5 /* HttpError.swift */ = {isa = PBXFileReference; lastKnownFileType = sourcecode.swift; path = HttpError.swift; sourceTree = "<group>"; };
		1885E94522A3BA8500B6FAE5 /* ImmidiateAlert.swift */ = {isa = PBXFileReference; lastKnownFileType = sourcecode.swift; path = ImmidiateAlert.swift; sourceTree = "<group>"; };
		1885E94722A3F49600B6FAE5 /* HeartRateViewController.swift */ = {isa = PBXFileReference; lastKnownFileType = sourcecode.swift; path = HeartRateViewController.swift; sourceTree = "<group>"; };
		1885E94922A414BB00B6FAE5 /* JsonParsing.swift */ = {isa = PBXFileReference; lastKnownFileType = sourcecode.swift; path = JsonParsing.swift; sourceTree = "<group>"; };
		1887F4A52219D0B5007682A8 /* EventKindViewController.swift */ = {isa = PBXFileReference; lastKnownFileType = sourcecode.swift; path = EventKindViewController.swift; sourceTree = "<group>"; };
		1887F4A72219DD2B007682A8 /* BasicEventViewController.swift */ = {isa = PBXFileReference; lastKnownFileType = sourcecode.swift; path = BasicEventViewController.swift; sourceTree = "<group>"; };
		1887F4AC221ADF15007682A8 /* GenericDecisionViewController.swift */ = {isa = PBXFileReference; lastKnownFileType = sourcecode.swift; path = GenericDecisionViewController.swift; sourceTree = "<group>"; };
		1887F4AE221AE93A007682A8 /* GenericEventInfoViewController.swift */ = {isa = PBXFileReference; lastKnownFileType = sourcecode.swift; path = GenericEventInfoViewController.swift; sourceTree = "<group>"; };
		1887F4B1221AFE0E007682A8 /* PaddingLabel.swift */ = {isa = PBXFileReference; lastKnownFileType = sourcecode.swift; path = PaddingLabel.swift; sourceTree = "<group>"; };
		1887F4B3221B14A2007682A8 /* Enums.swift */ = {isa = PBXFileReference; lastKnownFileType = sourcecode.swift; path = Enums.swift; sourceTree = "<group>"; };
		1887F4B5221B1E13007682A8 /* GenericLiquidViewController.swift */ = {isa = PBXFileReference; lastKnownFileType = sourcecode.swift; path = GenericLiquidViewController.swift; sourceTree = "<group>"; };
		1887F4B8221B2A5A007682A8 /* GenericVC.swift */ = {isa = PBXFileReference; lastKnownFileType = sourcecode.swift; path = GenericVC.swift; sourceTree = "<group>"; };
		1887F4BE221B3FCD007682A8 /* RPicker.swift */ = {isa = PBXFileReference; fileEncoding = 4; lastKnownFileType = sourcecode.swift; path = RPicker.swift; sourceTree = "<group>"; };
		188C8E992291D1C000DF85B7 /* DevelopEventCollectionViewCell.swift */ = {isa = PBXFileReference; lastKnownFileType = sourcecode.swift; path = DevelopEventCollectionViewCell.swift; sourceTree = "<group>"; };
		188C8E9B2292C4AD00DF85B7 /* FamilyReportCollectionViewCell.swift */ = {isa = PBXFileReference; lastKnownFileType = sourcecode.swift; path = FamilyReportCollectionViewCell.swift; sourceTree = "<group>"; };
		188C8E9D2292D9B200DF85B7 /* GeneralNoteCollectionViewCell.swift */ = {isa = PBXFileReference; lastKnownFileType = sourcecode.swift; path = GeneralNoteCollectionViewCell.swift; sourceTree = "<group>"; };
		188C8E9F2292D9CD00DF85B7 /* AlertCollectionViewCell.swift */ = {isa = PBXFileReference; lastKnownFileType = sourcecode.swift; path = AlertCollectionViewCell.swift; sourceTree = "<group>"; };
		18991FEC22184C2800180600 /* SecularOne-Regular.ttf */ = {isa = PBXFileReference; lastKnownFileType = file; path = "SecularOne-Regular.ttf"; sourceTree = "<group>"; };
		18991FEE22184C3400180600 /* VarelaRound-Regular.ttf */ = {isa = PBXFileReference; lastKnownFileType = file; path = "VarelaRound-Regular.ttf"; sourceTree = "<group>"; };
		18991FF022185E6600180600 /* TeacherAddEventViewController.swift */ = {isa = PBXFileReference; lastKnownFileType = sourcecode.swift; path = TeacherAddEventViewController.swift; sourceTree = "<group>"; };
		189B35352242384B00D33A6C /* SettingsViewController.swift */ = {isa = PBXFileReference; lastKnownFileType = sourcecode.swift; path = SettingsViewController.swift; sourceTree = "<group>"; };
		189B353922423DE600D33A6C /* AddChildViewController.swift */ = {isa = PBXFileReference; lastKnownFileType = sourcecode.swift; path = AddChildViewController.swift; sourceTree = "<group>"; };
		189B353B224263CD00D33A6C /* ChildPickerTableViewCell.swift */ = {isa = PBXFileReference; lastKnownFileType = sourcecode.swift; path = ChildPickerTableViewCell.swift; sourceTree = "<group>"; };
		189B353D224275C000D33A6C /* AddChildSecondViewController.swift */ = {isa = PBXFileReference; lastKnownFileType = sourcecode.swift; path = AddChildSecondViewController.swift; sourceTree = "<group>"; };
		189B354022428E4B00D33A6C /* AlergicTableViewCell.swift */ = {isa = PBXFileReference; lastKnownFileType = sourcecode.swift; path = AlergicTableViewCell.swift; sourceTree = "<group>"; };
		189B354222428E6900D33A6C /* FoodsTableViewCell.swift */ = {isa = PBXFileReference; lastKnownFileType = sourcecode.swift; path = FoodsTableViewCell.swift; sourceTree = "<group>"; };
		189B354422428E8E00D33A6C /* DiasesMedTableViewCell.swift */ = {isa = PBXFileReference; lastKnownFileType = sourcecode.swift; path = DiasesMedTableViewCell.swift; sourceTree = "<group>"; };
		18A25F3A2271AEAE009B6A6B /* BasicEventCollectionViewCell.swift */ = {isa = PBXFileReference; lastKnownFileType = sourcecode.swift; path = BasicEventCollectionViewCell.swift; sourceTree = "<group>"; };
		18BBB73722395A78001CE8B5 /* Gmar.entitlements */ = {isa = PBXFileReference; lastKnownFileType = text.plist.entitlements; path = Gmar.entitlements; sourceTree = "<group>"; };
		18BFE192224651250084D766 /* Permissions.swift */ = {isa = PBXFileReference; lastKnownFileType = sourcecode.swift; path = Permissions.swift; sourceTree = "<group>"; };
		18BFE1942246739E0084D766 /* AddTeacherViewController.swift */ = {isa = PBXFileReference; lastKnownFileType = sourcecode.swift; path = AddTeacherViewController.swift; sourceTree = "<group>"; };
		18C59D6C225CEE65003BD029 /* GenericEventInfo_Confirmation.swift */ = {isa = PBXFileReference; lastKnownFileType = sourcecode.swift; path = GenericEventInfo_Confirmation.swift; sourceTree = "<group>"; };
		18DE415B226CBAC800314AA0 /* KidsInfoViewController.swift */ = {isa = PBXFileReference; lastKnownFileType = sourcecode.swift; path = KidsInfoViewController.swift; sourceTree = "<group>"; };
		18DE415D226E391B00314AA0 /* IndividualInfoViewController.swift */ = {isa = PBXFileReference; lastKnownFileType = sourcecode.swift; path = IndividualInfoViewController.swift; sourceTree = "<group>"; };
		18FA86FE224F6F8400CFA4ED /* SimpleAlert.swift */ = {isa = PBXFileReference; lastKnownFileType = sourcecode.swift; path = SimpleAlert.swift; sourceTree = "<group>"; };
		3F238E27AA9B72A30D32760F /* Pods-Gmar.debug.xcconfig */ = {isa = PBXFileReference; includeInIndex = 1; lastKnownFileType = text.xcconfig; name = "Pods-Gmar.debug.xcconfig"; path = "Pods/Target Support Files/Pods-Gmar/Pods-Gmar.debug.xcconfig"; sourceTree = "<group>"; };
		A8299D6722537FDD006E961F /* Allergenic+CoreDataClass.swift */ = {isa = PBXFileReference; lastKnownFileType = sourcecode.swift; path = "Allergenic+CoreDataClass.swift"; sourceTree = "<group>"; };
		A8299D6822537FDD006E961F /* Allergenic+CoreDataProperties.swift */ = {isa = PBXFileReference; lastKnownFileType = sourcecode.swift; path = "Allergenic+CoreDataProperties.swift"; sourceTree = "<group>"; };
		A8299D6C22538538006E961F /* ChronicDisease+CoreDataClass.swift */ = {isa = PBXFileReference; lastKnownFileType = sourcecode.swift; path = "ChronicDisease+CoreDataClass.swift"; sourceTree = "<group>"; };
		A8299D6D22538538006E961F /* ChronicDisease+CoreDataProperties.swift */ = {isa = PBXFileReference; lastKnownFileType = sourcecode.swift; path = "ChronicDisease+CoreDataProperties.swift"; sourceTree = "<group>"; };
		A8299D71225386E4006E961F /* RoutineMedication+CoreDataClass.swift */ = {isa = PBXFileReference; lastKnownFileType = sourcecode.swift; path = "RoutineMedication+CoreDataClass.swift"; sourceTree = "<group>"; };
		A8299D72225386E4006E961F /* RoutineMedication+CoreDataProperties.swift */ = {isa = PBXFileReference; lastKnownFileType = sourcecode.swift; path = "RoutineMedication+CoreDataProperties.swift"; sourceTree = "<group>"; };
		A833C298228BE2B8003855FB /* ModelHttp.swift */ = {isa = PBXFileReference; lastKnownFileType = sourcecode.swift; path = ModelHttp.swift; sourceTree = "<group>"; };
		A850810922AA37AF00B057C1 /* BasicEvent+CoreDataClass.swift */ = {isa = PBXFileReference; lastKnownFileType = sourcecode.swift; path = "BasicEvent+CoreDataClass.swift"; sourceTree = "<group>"; };
		A850810A22AA37AF00B057C1 /* BasicEvent+CoreDataProperties.swift */ = {isa = PBXFileReference; lastKnownFileType = sourcecode.swift; path = "BasicEvent+CoreDataProperties.swift"; sourceTree = "<group>"; };
		A850810D22AA584200B057C1 /* DevelopmentalEvent+CoreDataClass.swift */ = {isa = PBXFileReference; lastKnownFileType = sourcecode.swift; path = "DevelopmentalEvent+CoreDataClass.swift"; sourceTree = "<group>"; };
		A850810E22AA584200B057C1 /* DevelopmentalEvent+CoreDataProperties.swift */ = {isa = PBXFileReference; lastKnownFileType = sourcecode.swift; path = "DevelopmentalEvent+CoreDataProperties.swift"; sourceTree = "<group>"; };
		A850811122AA620500B057C1 /* LiquidFood+CoreDataClass.swift */ = {isa = PBXFileReference; lastKnownFileType = sourcecode.swift; path = "LiquidFood+CoreDataClass.swift"; sourceTree = "<group>"; };
		A850811222AA620500B057C1 /* LiquidFood+CoreDataProperties.swift */ = {isa = PBXFileReference; lastKnownFileType = sourcecode.swift; path = "LiquidFood+CoreDataProperties.swift"; sourceTree = "<group>"; };
		A8576DFB224A6D2700CBA907 /* GeneralBehavior+CoreDataClass.swift */ = {isa = PBXFileReference; lastKnownFileType = sourcecode.swift; path = "GeneralBehavior+CoreDataClass.swift"; sourceTree = "<group>"; };
		A8576DFC224A6D2700CBA907 /* GeneralBehavior+CoreDataProperties.swift */ = {isa = PBXFileReference; lastKnownFileType = sourcecode.swift; path = "GeneralBehavior+CoreDataProperties.swift"; sourceTree = "<group>"; };
		A8576E03224A6D9500CBA907 /* Parasites+CoreDataClass.swift */ = {isa = PBXFileReference; lastKnownFileType = sourcecode.swift; path = "Parasites+CoreDataClass.swift"; sourceTree = "<group>"; };
		A8576E04224A6D9500CBA907 /* Parasites+CoreDataProperties.swift */ = {isa = PBXFileReference; lastKnownFileType = sourcecode.swift; path = "Parasites+CoreDataProperties.swift"; sourceTree = "<group>"; };
		A8576E07224A6DCA00CBA907 /* Disease+CoreDataClass.swift */ = {isa = PBXFileReference; lastKnownFileType = sourcecode.swift; path = "Disease+CoreDataClass.swift"; sourceTree = "<group>"; };
		A8576E08224A6DCA00CBA907 /* Disease+CoreDataProperties.swift */ = {isa = PBXFileReference; lastKnownFileType = sourcecode.swift; path = "Disease+CoreDataProperties.swift"; sourceTree = "<group>"; };
		A8576E0B224A6E1500CBA907 /* Medication+CoreDataClass.swift */ = {isa = PBXFileReference; lastKnownFileType = sourcecode.swift; path = "Medication+CoreDataClass.swift"; sourceTree = "<group>"; };
		A8576E0C224A6E1500CBA907 /* Medication+CoreDataProperties.swift */ = {isa = PBXFileReference; lastKnownFileType = sourcecode.swift; path = "Medication+CoreDataProperties.swift"; sourceTree = "<group>"; };
		A8576E0F224A6E4C00CBA907 /* Rash+CoreDataClass.swift */ = {isa = PBXFileReference; lastKnownFileType = sourcecode.swift; path = "Rash+CoreDataClass.swift"; sourceTree = "<group>"; };
		A8576E10224A6E4C00CBA907 /* Rash+CoreDataProperties.swift */ = {isa = PBXFileReference; lastKnownFileType = sourcecode.swift; path = "Rash+CoreDataProperties.swift"; sourceTree = "<group>"; };
		A8576E1B224A6F0200CBA907 /* Fever+CoreDataClass.swift */ = {isa = PBXFileReference; lastKnownFileType = sourcecode.swift; path = "Fever+CoreDataClass.swift"; sourceTree = "<group>"; };
		A8576E1C224A6F0200CBA907 /* Fever+CoreDataProperties.swift */ = {isa = PBXFileReference; lastKnownFileType = sourcecode.swift; path = "Fever+CoreDataProperties.swift"; sourceTree = "<group>"; };
		A8576E1F224A6F4C00CBA907 /* Urine+CoreDataClass.swift */ = {isa = PBXFileReference; lastKnownFileType = sourcecode.swift; path = "Urine+CoreDataClass.swift"; sourceTree = "<group>"; };
		A8576E20224A6F4C00CBA907 /* Urine+CoreDataProperties.swift */ = {isa = PBXFileReference; lastKnownFileType = sourcecode.swift; path = "Urine+CoreDataProperties.swift"; sourceTree = "<group>"; };
		A8576E23224A6F8000CBA907 /* Feces+CoreDataClass.swift */ = {isa = PBXFileReference; lastKnownFileType = sourcecode.swift; path = "Feces+CoreDataClass.swift"; sourceTree = "<group>"; };
		A8576E24224A6F8000CBA907 /* Feces+CoreDataProperties.swift */ = {isa = PBXFileReference; lastKnownFileType = sourcecode.swift; path = "Feces+CoreDataProperties.swift"; sourceTree = "<group>"; };
		A8576E33224A70DA00CBA907 /* Sleep+CoreDataClass.swift */ = {isa = PBXFileReference; lastKnownFileType = sourcecode.swift; path = "Sleep+CoreDataClass.swift"; sourceTree = "<group>"; };
		A8576E34224A70DA00CBA907 /* Sleep+CoreDataProperties.swift */ = {isa = PBXFileReference; lastKnownFileType = sourcecode.swift; path = "Sleep+CoreDataProperties.swift"; sourceTree = "<group>"; };
		A868E9A9227110CA000B3230 /* Cough+CoreDataClass.swift */ = {isa = PBXFileReference; lastKnownFileType = sourcecode.swift; path = "Cough+CoreDataClass.swift"; sourceTree = "<group>"; };
		A868E9AA227110CA000B3230 /* Cough+CoreDataProperties.swift */ = {isa = PBXFileReference; lastKnownFileType = sourcecode.swift; path = "Cough+CoreDataProperties.swift"; sourceTree = "<group>"; };
		A872BDFE2290B9F00078DC5F /* Vomitus+CoreDataClass.swift */ = {isa = PBXFileReference; lastKnownFileType = sourcecode.swift; path = "Vomitus+CoreDataClass.swift"; sourceTree = "<group>"; };
		A872BDFF2290B9F00078DC5F /* Vomitus+CoreDataProperties.swift */ = {isa = PBXFileReference; lastKnownFileType = sourcecode.swift; path = "Vomitus+CoreDataProperties.swift"; sourceTree = "<group>"; };
		A872BE022290BA5B0078DC5F /* Secretion+CoreDataClass.swift */ = {isa = PBXFileReference; lastKnownFileType = sourcecode.swift; path = "Secretion+CoreDataClass.swift"; sourceTree = "<group>"; };
		A872BE032290BA5B0078DC5F /* Secretion+CoreDataProperties.swift */ = {isa = PBXFileReference; lastKnownFileType = sourcecode.swift; path = "Secretion+CoreDataProperties.swift"; sourceTree = "<group>"; };
		A872BE07229143070078DC5F /* FamilyReport+CoreDataClass.swift */ = {isa = PBXFileReference; lastKnownFileType = sourcecode.swift; path = "FamilyReport+CoreDataClass.swift"; sourceTree = "<group>"; };
		A872BE08229143070078DC5F /* FamilyReport+CoreDataProperties.swift */ = {isa = PBXFileReference; lastKnownFileType = sourcecode.swift; path = "FamilyReport+CoreDataProperties.swift"; sourceTree = "<group>"; };
		A872BE0B229149FC0078DC5F /* GeneralNote+CoreDataClass.swift */ = {isa = PBXFileReference; lastKnownFileType = sourcecode.swift; path = "GeneralNote+CoreDataClass.swift"; sourceTree = "<group>"; };
		A872BE0C229149FC0078DC5F /* GeneralNote+CoreDataProperties.swift */ = {isa = PBXFileReference; lastKnownFileType = sourcecode.swift; path = "GeneralNote+CoreDataProperties.swift"; sourceTree = "<group>"; };
		A872BE0F22914C930078DC5F /* Attendance+CoreDataClass.swift */ = {isa = PBXFileReference; lastKnownFileType = sourcecode.swift; path = "Attendance+CoreDataClass.swift"; sourceTree = "<group>"; };
		A872BE1022914C930078DC5F /* Attendance+CoreDataProperties.swift */ = {isa = PBXFileReference; lastKnownFileType = sourcecode.swift; path = "Attendance+CoreDataProperties.swift"; sourceTree = "<group>"; };
		A872BE1322914ED70078DC5F /* Staff+CoreDataClass.swift */ = {isa = PBXFileReference; lastKnownFileType = sourcecode.swift; path = "Staff+CoreDataClass.swift"; sourceTree = "<group>"; };
		A872BE1422914ED70078DC5F /* Staff+CoreDataProperties.swift */ = {isa = PBXFileReference; lastKnownFileType = sourcecode.swift; path = "Staff+CoreDataProperties.swift"; sourceTree = "<group>"; };
		A872BE1722914FAF0078DC5F /* Child+CoreDataClass.swift */ = {isa = PBXFileReference; lastKnownFileType = sourcecode.swift; path = "Child+CoreDataClass.swift"; sourceTree = "<group>"; };
		A872BE1822914FAF0078DC5F /* Child+CoreDataProperties.swift */ = {isa = PBXFileReference; lastKnownFileType = sourcecode.swift; path = "Child+CoreDataProperties.swift"; sourceTree = "<group>"; };
		A88BBFA422576A9A00F9C0B4 /* Food+CoreDataClass.swift */ = {isa = PBXFileReference; lastKnownFileType = sourcecode.swift; path = "Food+CoreDataClass.swift"; sourceTree = "<group>"; };
		A88BBFA522576A9A00F9C0B4 /* Food+CoreDataProperties.swift */ = {isa = PBXFileReference; lastKnownFileType = sourcecode.swift; path = "Food+CoreDataProperties.swift"; sourceTree = "<group>"; };
		A88BBFA8225A7E5100F9C0B4 /* Water+CoreDataClass.swift */ = {isa = PBXFileReference; lastKnownFileType = sourcecode.swift; path = "Water+CoreDataClass.swift"; sourceTree = "<group>"; };
		A88BBFA9225A7E5100F9C0B4 /* Water+CoreDataProperties.swift */ = {isa = PBXFileReference; lastKnownFileType = sourcecode.swift; path = "Water+CoreDataProperties.swift"; sourceTree = "<group>"; };
		A88BBFAC225A7EB900F9C0B4 /* SolidFood+CoreDataClass.swift */ = {isa = PBXFileReference; lastKnownFileType = sourcecode.swift; path = "SolidFood+CoreDataClass.swift"; sourceTree = "<group>"; };
		A88BBFAD225A7EB900F9C0B4 /* SolidFood+CoreDataProperties.swift */ = {isa = PBXFileReference; lastKnownFileType = sourcecode.swift; path = "SolidFood+CoreDataProperties.swift"; sourceTree = "<group>"; };
		A896494622A14BD40004FDE3 /* PulseAlert+CoreDataClass.swift */ = {isa = PBXFileReference; lastKnownFileType = sourcecode.swift; path = "PulseAlert+CoreDataClass.swift"; sourceTree = "<group>"; };
		A896494722A14BD40004FDE3 /* PulseAlert+CoreDataProperties.swift */ = {isa = PBXFileReference; lastKnownFileType = sourcecode.swift; path = "PulseAlert+CoreDataProperties.swift"; sourceTree = "<group>"; };
		A896494A22A179E80004FDE3 /* Alert+CoreDataClass.swift */ = {isa = PBXFileReference; lastKnownFileType = sourcecode.swift; path = "Alert+CoreDataClass.swift"; sourceTree = "<group>"; };
		A896494B22A179E80004FDE3 /* Alert+CoreDataProperties.swift */ = {isa = PBXFileReference; lastKnownFileType = sourcecode.swift; path = "Alert+CoreDataProperties.swift"; sourceTree = "<group>"; };
		A8ED33812296861D008E4688 /* AuthorizedAccompanist+CoreDataClass.swift */ = {isa = PBXFileReference; lastKnownFileType = sourcecode.swift; path = "AuthorizedAccompanist+CoreDataClass.swift"; sourceTree = "<group>"; };
		A8ED33822296861D008E4688 /* AuthorizedAccompanist+CoreDataProperties.swift */ = {isa = PBXFileReference; lastKnownFileType = sourcecode.swift; path = "AuthorizedAccompanist+CoreDataProperties.swift"; sourceTree = "<group>"; };
		A8F7F380221888CB00F21DAD /* Utility.swift */ = {isa = PBXFileReference; fileEncoding = 4; lastKnownFileType = sourcecode.swift; path = Utility.swift; sourceTree = "<group>"; };
		D2EF71FC037F2B868063EFE6 /* Pods_Gmar.framework */ = {isa = PBXFileReference; explicitFileType = wrapper.framework; includeInIndex = 0; path = Pods_Gmar.framework; sourceTree = BUILT_PRODUCTS_DIR; };
		F07399715B8B4AE5272EF714 /* Pods-Gmar.release.xcconfig */ = {isa = PBXFileReference; includeInIndex = 1; lastKnownFileType = text.xcconfig; name = "Pods-Gmar.release.xcconfig"; path = "Pods/Target Support Files/Pods-Gmar/Pods-Gmar.release.xcconfig"; sourceTree = "<group>"; };
/* End PBXFileReference section */

/* Begin PBXFrameworksBuildPhase section */
		1818B1D121E0E905006E1B39 /* Frameworks */ = {
			isa = PBXFrameworksBuildPhase;
			buildActionMask = 2147483647;
			files = (
				BEEB2D74529193A123CAF0E7 /* Pods_Gmar.framework in Frameworks */,
			);
			runOnlyForDeploymentPostprocessing = 0;
		};
/* End PBXFrameworksBuildPhase section */

/* Begin PBXGroup section */
		180CF31D223D5B8300A9DEF2 /* Child */ = {
			isa = PBXGroup;
			children = (
				A872BE1722914FAF0078DC5F /* Child+CoreDataClass.swift */,
				A872BE1822914FAF0078DC5F /* Child+CoreDataProperties.swift */,
				A81F4EBF22429121003FED63 /* AuthorizedAccompanist */,
				A8299D7922540D0A006E961F /* Food */,
				A8299D6622537F63006E961F /* Allergenic */,
				A8299D6B225383B5006E961F /* ChronicDisease */,
				A8299D70225385F1006E961F /* RoutineMedication */,
				A868E9A822710ECB000B3230 /* Alert */,
			);
			path = Child;
			sourceTree = "<group>";
		};
		181467812267726B0036BFC9 /* GenericLiquid */ = {
			isa = PBXGroup;
			children = (
				1887F4B5221B1E13007682A8 /* GenericLiquidViewController.swift */,
				1814677F226772640036BFC9 /* GenericLiquid_Confirmation.swift */,
			);
			path = GenericLiquid;
			sourceTree = "<group>";
		};
		1818B1CB21E0E905006E1B39 = {
			isa = PBXGroup;
			children = (
				18991FEB22184C0600180600 /* Fonts */,
				1818B1D621E0E905006E1B39 /* Gmar */,
				1818B1D521E0E905006E1B39 /* Products */,
				1818B1F521E1196C006E1B39 /* BabyGuard Mockup.pdf */,
				E10FAAD4843773E48C946563 /* Pods */,
				378573E8FF6EE6BEB75C54F7 /* Frameworks */,
			);
			sourceTree = "<group>";
		};
		1818B1D521E0E905006E1B39 /* Products */ = {
			isa = PBXGroup;
			children = (
				1818B1D421E0E905006E1B39 /* Gmar.app */,
			);
			name = Products;
			sourceTree = "<group>";
		};
		1818B1D621E0E905006E1B39 /* Gmar */ = {
			isa = PBXGroup;
			children = (
				18BBB73722395A78001CE8B5 /* Gmar.entitlements */,
				1818B1D721E0E905006E1B39 /* AppDelegate.swift */,
				1887F4B0221AFDF8007682A8 /* Views */,
				A8DA55E6221858660043D580 /* Model */,
				18991FF222185E8B00180600 /* ViewControllers */,
				183CFCDB226F7E3900F7FF68 /* Storyboards and Assests */,
				1818B1E321E0E906006E1B39 /* Info.plist */,
				180CF2FB223D413500A9DEF2 /* GoogleService-Info.plist */,
			);
			path = Gmar;
			sourceTree = "<group>";
		};
		183CFCCB226F7A2000F7FF68 /* Utility */ = {
			isa = PBXGroup;
			children = (
				18BFE192224651250084D766 /* Permissions.swift */,
				1878879B221D7C260047A935 /* DateAdmin.swift */,
				A8F7F380221888CB00F21DAD /* Utility.swift */,
				183CFCD6226F7CD800F7FF68 /* PhotosUtility.swift */,
				183CFCD8226F7D1700F7FF68 /* EdgeShadowLayer.swift */,
				183CFCD4226F7C9700F7FF68 /* KeyboardMovment.swift */,
				183CFCD2226F7C0300F7FF68 /* TapGestures.swift */,
				183CFCD0226F7B5C00F7FF68 /* StackHelper.swift */,
				183CFCCC226F7A3600F7FF68 /* AppColors.swift */,
				183CFCCE226F7AA600F7FF68 /* DesignViewsHelper.swift */,
			);
			path = Utility;
			sourceTree = "<group>";
		};
		183CFCDA226F7DAF00F7FF68 /* Entities */ = {
			isa = PBXGroup;
			children = (
				1887F4B3221B14A2007682A8 /* Enums.swift */,
				A8C41472223EEED20072B0A8 /* Staff */,
				180CF31D223D5B8300A9DEF2 /* Child */,
				A872BE06229141630078DC5F /* FamilyReport */,
				A81F4F772246DE3A003FED63 /* GeneralNote */,
				A8287E66224D5471000C64DD /* BasicEvents */,
				A8287E67224D55C8000C64DD /* DevelopmentEvents */,
				A86137C622A148F600E74FC5 /* PulseAlert */,
			);
			path = Entities;
			sourceTree = "<group>";
		};
		183CFCDB226F7E3900F7FF68 /* Storyboards and Assests */ = {
			isa = PBXGroup;
			children = (
				1818B1DE21E0E906006E1B39 /* Assets.xcassets */,
				1818B1DB21E0E905006E1B39 /* Main.storyboard */,
				1818B1E021E0E906006E1B39 /* LaunchScreen.storyboard */,
			);
			path = "Storyboards and Assests";
			sourceTree = "<group>";
		};
		18586D6122731C51004F219C /* MyButtonLandscape */ = {
			isa = PBXGroup;
			children = (
				18586D6222731CA5004F219C /* MyButtonLandscapeView.xib */,
				18586D6422731CB3004F219C /* MyButtonLandscapeView.swift */,
			);
			path = MyButtonLandscape;
			sourceTree = "<group>";
		};
		1866066B226B559A006F20B0 /* MyButton */ = {
			isa = PBXGroup;
			children = (
				1866066C226B55BE006F20B0 /* MyButton.xib */,
				1866066E226B597B006F20B0 /* MyButtonView.swift */,
			);
			path = MyButton;
			sourceTree = "<group>";
		};
		1885E94422A3BA6100B6FAE5 /* Alerts */ = {
			isa = PBXGroup;
			children = (
				18FA86FE224F6F8400CFA4ED /* SimpleAlert.swift */,
				1885E94522A3BA8500B6FAE5 /* ImmidiateAlert.swift */,
			);
			path = Alerts;
			sourceTree = "<group>";
		};
		1885E94B22A414C700B6FAE5 /* ModelHttp */ = {
			isa = PBXGroup;
			children = (
				A833C298228BE2B8003855FB /* ModelHttp.swift */,
				1885E94922A414BB00B6FAE5 /* JsonParsing.swift */,
				1885E94022A2600C00B6FAE5 /* ModelPolling.swift */,
				1885E94222A270A200B6FAE5 /* HttpError.swift */,
			);
			path = ModelHttp;
			sourceTree = "<group>";
		};
		1887F4B0221AFDF8007682A8 /* Views */ = {
			isa = PBXGroup;
			children = (
				18586D6122731C51004F219C /* MyButtonLandscape */,
				1866066B226B559A006F20B0 /* MyButton */,
				1887F4BE221B3FCD007682A8 /* RPicker.swift */,
				1887F4B1221AFE0E007682A8 /* PaddingLabel.swift */,
				18516969229933EB00A4E929 /* DeleteTableViewCell.swift */,
				18788799221D54E90047A935 /* MultiChoiseTableViewCell.swift */,
				189B353F224289C600D33A6C /* Add New Child */,
				1885E94422A3BA6100B6FAE5 /* Alerts */,
				188C8E982291D19B00DF85B7 /* Kids Info Views */,
				18586D5F22730926004F219C /* KidCollectionViewCell.swift */,
				1835C4F9228EDC7D00BF2AF2 /* DevelopmentalEventTableViewCell.swift */,
			);
			path = Views;
			sourceTree = "<group>";
		};
		1887F4B7221B2A39007682A8 /* Base ViewControllers */ = {
			isa = PBXGroup;
			children = (
				1887F4B8221B2A5A007682A8 /* GenericVC.swift */,
				1806E46A2268D24400F9CCE3 /* MyViewController.swift */,
			);
			path = "Base ViewControllers";
			sourceTree = "<group>";
		};
		188C8E982291D19B00DF85B7 /* Kids Info Views */ = {
			isa = PBXGroup;
			children = (
				18A25F3A2271AEAE009B6A6B /* BasicEventCollectionViewCell.swift */,
				188C8E992291D1C000DF85B7 /* DevelopEventCollectionViewCell.swift */,
				188C8E9B2292C4AD00DF85B7 /* FamilyReportCollectionViewCell.swift */,
				188C8E9D2292D9B200DF85B7 /* GeneralNoteCollectionViewCell.swift */,
				188C8E9F2292D9CD00DF85B7 /* AlertCollectionViewCell.swift */,
			);
			path = "Kids Info Views";
			sourceTree = "<group>";
		};
		18991FEB22184C0600180600 /* Fonts */ = {
			isa = PBXGroup;
			children = (
				18991FEE22184C3400180600 /* VarelaRound-Regular.ttf */,
				18991FEC22184C2800180600 /* SecularOne-Regular.ttf */,
			);
			path = Fonts;
			sourceTree = "<group>";
		};
		18991FF222185E8B00180600 /* ViewControllers */ = {
			isa = PBXGroup;
			children = (
				1887F4B7221B2A39007682A8 /* Base ViewControllers */,
				1818B1D921E0E905006E1B39 /* MainWindowViewController.swift */,
				189B353822423D3400D33A6C /* Add Event Chain VCs */,
				189B353722423D0E00D33A6C /* Settings Chain VCs */,
				18DE415F226E392100314AA0 /* Kids Info Chain VCs */,
			);
			path = ViewControllers;
			sourceTree = "<group>";
		};
		189B353722423D0E00D33A6C /* Settings Chain VCs */ = {
			isa = PBXGroup;
			children = (
				189B35352242384B00D33A6C /* SettingsViewController.swift */,
				189B353922423DE600D33A6C /* AddChildViewController.swift */,
				189B353D224275C000D33A6C /* AddChildSecondViewController.swift */,
				18BFE1942246739E0084D766 /* AddTeacherViewController.swift */,
				185169672299338100A4E929 /* DeleteViewController.swift */,
			);
			path = "Settings Chain VCs";
			sourceTree = "<group>";
		};
		189B353822423D3400D33A6C /* Add Event Chain VCs */ = {
			isa = PBXGroup;
			children = (
				18991FF022185E6600180600 /* TeacherAddEventViewController.swift */,
				1887F4A52219D0B5007682A8 /* EventKindViewController.swift */,
				1887F4A72219DD2B007682A8 /* BasicEventViewController.swift */,
				1887F4AC221ADF15007682A8 /* GenericDecisionViewController.swift */,
				18C59D6E225CEE6D003BD029 /* GenericEventInfo */,
				181467812267726B0036BFC9 /* GenericLiquid */,
				18788797221D4C510047A935 /* MultiChoiseViewController.swift */,
				1835C4F7228EDC0600BF2AF2 /* DevelopmentalEventViewController.swift */,
				1835C4FC228FF98B00BF2AF2 /* FamilyReportEventViewController.swift */,
			);
			path = "Add Event Chain VCs";
			sourceTree = "<group>";
		};
		189B353F224289C600D33A6C /* Add New Child */ = {
			isa = PBXGroup;
			children = (
				189B353B224263CD00D33A6C /* ChildPickerTableViewCell.swift */,
				189B354022428E4B00D33A6C /* AlergicTableViewCell.swift */,
				189B354222428E6900D33A6C /* FoodsTableViewCell.swift */,
				189B354422428E8E00D33A6C /* DiasesMedTableViewCell.swift */,
			);
			path = "Add New Child";
			sourceTree = "<group>";
		};
		18C59D6E225CEE6D003BD029 /* GenericEventInfo */ = {
			isa = PBXGroup;
			children = (
				1887F4AE221AE93A007682A8 /* GenericEventInfoViewController.swift */,
				18C59D6C225CEE65003BD029 /* GenericEventInfo_Confirmation.swift */,
			);
			path = GenericEventInfo;
			sourceTree = "<group>";
		};
		18DE415F226E392100314AA0 /* Kids Info Chain VCs */ = {
			isa = PBXGroup;
			children = (
				18DE415B226CBAC800314AA0 /* KidsInfoViewController.swift */,
				18DE415D226E391B00314AA0 /* IndividualInfoViewController.swift */,
				1885E94722A3F49600B6FAE5 /* HeartRateViewController.swift */,
			);
			path = "Kids Info Chain VCs";
			sourceTree = "<group>";
		};
		378573E8FF6EE6BEB75C54F7 /* Frameworks */ = {
			isa = PBXGroup;
			children = (
				D2EF71FC037F2B868063EFE6 /* Pods_Gmar.framework */,
			);
			name = Frameworks;
			sourceTree = "<group>";
		};
		A81F4EBE224290B1003FED63 /* Rash */ = {
			isa = PBXGroup;
			children = (
				A8576E0F224A6E4C00CBA907 /* Rash+CoreDataClass.swift */,
				A8576E10224A6E4C00CBA907 /* Rash+CoreDataProperties.swift */,
			);
			path = Rash;
			sourceTree = "<group>";
		};
		A81F4EBF22429121003FED63 /* AuthorizedAccompanist */ = {
			isa = PBXGroup;
			children = (
				A8ED33812296861D008E4688 /* AuthorizedAccompanist+CoreDataClass.swift */,
				A8ED33822296861D008E4688 /* AuthorizedAccompanist+CoreDataProperties.swift */,
			);
			path = AuthorizedAccompanist;
			sourceTree = "<group>";
		};
		A81F4EC82242924F003FED63 /* Medication */ = {
			isa = PBXGroup;
			children = (
				A8576E0B224A6E1500CBA907 /* Medication+CoreDataClass.swift */,
				A8576E0C224A6E1500CBA907 /* Medication+CoreDataProperties.swift */,
			);
			path = Medication;
			sourceTree = "<group>";
		};
		A81F4ECD224292B3003FED63 /* Disease */ = {
			isa = PBXGroup;
			children = (
				A8576E07224A6DCA00CBA907 /* Disease+CoreDataClass.swift */,
				A8576E08224A6DCA00CBA907 /* Disease+CoreDataProperties.swift */,
			);
			path = Disease;
			sourceTree = "<group>";
		};
		A81F4F5B2246D583003FED63 /* Cough */ = {
			isa = PBXGroup;
			children = (
				A868E9A9227110CA000B3230 /* Cough+CoreDataClass.swift */,
				A868E9AA227110CA000B3230 /* Cough+CoreDataProperties.swift */,
			);
			path = Cough;
			sourceTree = "<group>";
		};
		A81F4F602246D69D003FED63 /* Parasites */ = {
			isa = PBXGroup;
			children = (
				A8576E03224A6D9500CBA907 /* Parasites+CoreDataClass.swift */,
				A8576E04224A6D9500CBA907 /* Parasites+CoreDataProperties.swift */,
			);
			path = Parasites;
			sourceTree = "<group>";
		};
		A81F4F652246D8FA003FED63 /* Secretion */ = {
			isa = PBXGroup;
			children = (
				A872BE022290BA5B0078DC5F /* Secretion+CoreDataClass.swift */,
				A872BE032290BA5B0078DC5F /* Secretion+CoreDataProperties.swift */,
			);
			path = Secretion;
			sourceTree = "<group>";
		};
		A81F4F722246DCD8003FED63 /* GeneralBehavior */ = {
			isa = PBXGroup;
			children = (
				A8576DFB224A6D2700CBA907 /* GeneralBehavior+CoreDataClass.swift */,
				A8576DFC224A6D2700CBA907 /* GeneralBehavior+CoreDataProperties.swift */,
			);
			path = GeneralBehavior;
			sourceTree = "<group>";
		};
		A81F4F772246DE3A003FED63 /* GeneralNote */ = {
			isa = PBXGroup;
			children = (
				A872BE0B229149FC0078DC5F /* GeneralNote+CoreDataClass.swift */,
				A872BE0C229149FC0078DC5F /* GeneralNote+CoreDataProperties.swift */,
			);
			path = GeneralNote;
			sourceTree = "<group>";
		};
		A81F4F802248D8DF003FED63 /* BasicEvent */ = {
			isa = PBXGroup;
			children = (
				A850810922AA37AF00B057C1 /* BasicEvent+CoreDataClass.swift */,
				A850810A22AA37AF00B057C1 /* BasicEvent+CoreDataProperties.swift */,
			);
			path = BasicEvent;
			sourceTree = "<group>";
		};
		A8287E3C224BB861000C64DD /* Attendance */ = {
			isa = PBXGroup;
			children = (
				A872BE0F22914C930078DC5F /* Attendance+CoreDataClass.swift */,
				A872BE1022914C930078DC5F /* Attendance+CoreDataProperties.swift */,
			);
			path = Attendance;
			sourceTree = "<group>";
		};
		A8287E55224CD4A6000C64DD /* DevelopmentalEvent */ = {
			isa = PBXGroup;
			children = (
				A850810D22AA584200B057C1 /* DevelopmentalEvent+CoreDataClass.swift */,
				A850810E22AA584200B057C1 /* DevelopmentalEvent+CoreDataProperties.swift */,
			);
			path = DevelopmentalEvent;
			sourceTree = "<group>";
		};
		A8287E66224D5471000C64DD /* BasicEvents */ = {
			isa = PBXGroup;
			children = (
				A81F4F802248D8DF003FED63 /* BasicEvent */,
				A8287E3C224BB861000C64DD /* Attendance */,
				A8C41468223EE28C0072B0A8 /* Sleep */,
				A8C41481223EF8000072B0A8 /* Water */,
				A8C4147C223EF5F40072B0A8 /* SolidFood */,
				A8C41477223EF1F70072B0A8 /* LiquidFood */,
				A8C4148722415D010072B0A8 /* Feces */,
				A8C4148C22415F3B0072B0A8 /* Urine */,
				A81F4F5B2246D583003FED63 /* Cough */,
				A81F4F652246D8FA003FED63 /* Secretion */,
				A8C41491224253450072B0A8 /* Vomitus */,
				A81F4EBE224290B1003FED63 /* Rash */,
				A8C4146D223EE8F00072B0A8 /* Fever */,
				A81F4ECD224292B3003FED63 /* Disease */,
				A81F4EC82242924F003FED63 /* Medication */,
				A81F4F602246D69D003FED63 /* Parasites */,
				A81F4F722246DCD8003FED63 /* GeneralBehavior */,
			);
			path = BasicEvents;
			sourceTree = "<group>";
		};
		A8287E67224D55C8000C64DD /* DevelopmentEvents */ = {
			isa = PBXGroup;
			children = (
				A8287E55224CD4A6000C64DD /* DevelopmentalEvent */,
				1835C4F5228EC4A900BF2AF2 /* DevelopmentalEventsDataSource.swift */,
			);
			path = DevelopmentEvents;
			sourceTree = "<group>";
		};
		A8299D6622537F63006E961F /* Allergenic */ = {
			isa = PBXGroup;
			children = (
				A8299D6722537FDD006E961F /* Allergenic+CoreDataClass.swift */,
				A8299D6822537FDD006E961F /* Allergenic+CoreDataProperties.swift */,
			);
			path = Allergenic;
			sourceTree = "<group>";
		};
		A8299D6B225383B5006E961F /* ChronicDisease */ = {
			isa = PBXGroup;
			children = (
				A8299D6C22538538006E961F /* ChronicDisease+CoreDataClass.swift */,
				A8299D6D22538538006E961F /* ChronicDisease+CoreDataProperties.swift */,
			);
			path = ChronicDisease;
			sourceTree = "<group>";
		};
		A8299D70225385F1006E961F /* RoutineMedication */ = {
			isa = PBXGroup;
			children = (
				A8299D71225386E4006E961F /* RoutineMedication+CoreDataClass.swift */,
				A8299D72225386E4006E961F /* RoutineMedication+CoreDataProperties.swift */,
			);
			path = RoutineMedication;
			sourceTree = "<group>";
		};
		A8299D7922540D0A006E961F /* Food */ = {
			isa = PBXGroup;
			children = (
				A88BBFA422576A9A00F9C0B4 /* Food+CoreDataClass.swift */,
				A88BBFA522576A9A00F9C0B4 /* Food+CoreDataProperties.swift */,
			);
			path = Food;
			sourceTree = "<group>";
		};
		A86137C622A148F600E74FC5 /* PulseAlert */ = {
			isa = PBXGroup;
			children = (
				A896494622A14BD40004FDE3 /* PulseAlert+CoreDataClass.swift */,
				A896494722A14BD40004FDE3 /* PulseAlert+CoreDataProperties.swift */,
			);
			path = PulseAlert;
			sourceTree = "<group>";
		};
		A868E9A822710ECB000B3230 /* Alert */ = {
			isa = PBXGroup;
			children = (
				A896494A22A179E80004FDE3 /* Alert+CoreDataClass.swift */,
				A896494B22A179E80004FDE3 /* Alert+CoreDataProperties.swift */,
			);
			path = Alert;
			sourceTree = "<group>";
		};
		A872BE06229141630078DC5F /* FamilyReport */ = {
			isa = PBXGroup;
			children = (
				A872BE07229143070078DC5F /* FamilyReport+CoreDataClass.swift */,
				A872BE08229143070078DC5F /* FamilyReport+CoreDataProperties.swift */,
			);
			path = FamilyReport;
			sourceTree = "<group>";
		};
		A8C41468223EE28C0072B0A8 /* Sleep */ = {
			isa = PBXGroup;
			children = (
				A8576E33224A70DA00CBA907 /* Sleep+CoreDataClass.swift */,
				A8576E34224A70DA00CBA907 /* Sleep+CoreDataProperties.swift */,
			);
			path = Sleep;
			sourceTree = "<group>";
		};
		A8C4146D223EE8F00072B0A8 /* Fever */ = {
			isa = PBXGroup;
			children = (
				A8576E1B224A6F0200CBA907 /* Fever+CoreDataClass.swift */,
				A8576E1C224A6F0200CBA907 /* Fever+CoreDataProperties.swift */,
			);
			path = Fever;
			sourceTree = "<group>";
		};
		A8C41472223EEED20072B0A8 /* Staff */ = {
			isa = PBXGroup;
			children = (
				A872BE1322914ED70078DC5F /* Staff+CoreDataClass.swift */,
				A872BE1422914ED70078DC5F /* Staff+CoreDataProperties.swift */,
			);
			path = Staff;
			sourceTree = "<group>";
		};
		A8C41477223EF1F70072B0A8 /* LiquidFood */ = {
			isa = PBXGroup;
			children = (
				A850811122AA620500B057C1 /* LiquidFood+CoreDataClass.swift */,
				A850811222AA620500B057C1 /* LiquidFood+CoreDataProperties.swift */,
			);
			path = LiquidFood;
			sourceTree = "<group>";
		};
		A8C4147C223EF5F40072B0A8 /* SolidFood */ = {
			isa = PBXGroup;
			children = (
				A88BBFAC225A7EB900F9C0B4 /* SolidFood+CoreDataClass.swift */,
				A88BBFAD225A7EB900F9C0B4 /* SolidFood+CoreDataProperties.swift */,
			);
			path = SolidFood;
			sourceTree = "<group>";
		};
		A8C41481223EF8000072B0A8 /* Water */ = {
			isa = PBXGroup;
			children = (
				A88BBFA8225A7E5100F9C0B4 /* Water+CoreDataClass.swift */,
				A88BBFA9225A7E5100F9C0B4 /* Water+CoreDataProperties.swift */,
			);
			path = Water;
			sourceTree = "<group>";
		};
		A8C4148722415D010072B0A8 /* Feces */ = {
			isa = PBXGroup;
			children = (
				A8576E23224A6F8000CBA907 /* Feces+CoreDataClass.swift */,
				A8576E24224A6F8000CBA907 /* Feces+CoreDataProperties.swift */,
			);
			path = Feces;
			sourceTree = "<group>";
		};
		A8C4148C22415F3B0072B0A8 /* Urine */ = {
			isa = PBXGroup;
			children = (
				A8576E1F224A6F4C00CBA907 /* Urine+CoreDataClass.swift */,
				A8576E20224A6F4C00CBA907 /* Urine+CoreDataProperties.swift */,
			);
			path = Urine;
			sourceTree = "<group>";
		};
		A8C41491224253450072B0A8 /* Vomitus */ = {
			isa = PBXGroup;
			children = (
				A872BDFE2290B9F00078DC5F /* Vomitus+CoreDataClass.swift */,
				A872BDFF2290B9F00078DC5F /* Vomitus+CoreDataProperties.swift */,
			);
			path = Vomitus;
			sourceTree = "<group>";
		};
		A8DA55E6221858660043D580 /* Model */ = {
			isa = PBXGroup;
			children = (
				183CFCDA226F7DAF00F7FF68 /* Entities */,
				183CFCCB226F7A2000F7FF68 /* Utility */,
				180CF2FD223D427000A9DEF2 /* ModelFireBase.swift */,
				1885E94B22A414C700B6FAE5 /* ModelHttp */,
				180CF2FF223D44F300A9DEF2 /* Model.swift */,
				180CF2F8223D3F9700A9DEF2 /* Gmar.xcdatamodeld */,
			);
			path = Model;
			sourceTree = "<group>";
		};
		E10FAAD4843773E48C946563 /* Pods */ = {
			isa = PBXGroup;
			children = (
				3F238E27AA9B72A30D32760F /* Pods-Gmar.debug.xcconfig */,
				F07399715B8B4AE5272EF714 /* Pods-Gmar.release.xcconfig */,
			);
			name = Pods;
			sourceTree = "<group>";
		};
/* End PBXGroup section */

/* Begin PBXNativeTarget section */
		1818B1D321E0E905006E1B39 /* Gmar */ = {
			isa = PBXNativeTarget;
			buildConfigurationList = 1818B1E621E0E906006E1B39 /* Build configuration list for PBXNativeTarget "Gmar" */;
			buildPhases = (
				B258660DF6FD5BFF8B89A1E7 /* [CP] Check Pods Manifest.lock */,
				1818B1D021E0E905006E1B39 /* Sources */,
				1818B1D121E0E905006E1B39 /* Frameworks */,
				1818B1D221E0E905006E1B39 /* Resources */,
				FCBD757EED86638DFDA07BAD /* [CP] Embed Pods Frameworks */,
			);
			buildRules = (
			);
			dependencies = (
			);
			name = Gmar;
			productName = Gmar;
			productReference = 1818B1D421E0E905006E1B39 /* Gmar.app */;
			productType = "com.apple.product-type.application";
		};
/* End PBXNativeTarget section */

/* Begin PBXProject section */
		1818B1CC21E0E905006E1B39 /* Project object */ = {
			isa = PBXProject;
			attributes = {
				LastSwiftUpdateCheck = 1010;
				LastUpgradeCheck = 1010;
				ORGANIZATIONNAME = "Final Project";
				TargetAttributes = {
					1818B1D321E0E905006E1B39 = {
						CreatedOnToolsVersion = 10.1;
						LastSwiftMigration = 1020;
						SystemCapabilities = {
							com.apple.Keychain = {
								enabled = 0;
							};
						};
					};
				};
			};
			buildConfigurationList = 1818B1CF21E0E905006E1B39 /* Build configuration list for PBXProject "Gmar" */;
			compatibilityVersion = "Xcode 9.3";
			developmentRegion = en;
			hasScannedForEncodings = 0;
			knownRegions = (
				en,
				Base,
			);
			mainGroup = 1818B1CB21E0E905006E1B39;
			productRefGroup = 1818B1D521E0E905006E1B39 /* Products */;
			projectDirPath = "";
			projectRoot = "";
			targets = (
				1818B1D321E0E905006E1B39 /* Gmar */,
			);
		};
/* End PBXProject section */

/* Begin PBXResourcesBuildPhase section */
		1818B1D221E0E905006E1B39 /* Resources */ = {
			isa = PBXResourcesBuildPhase;
			buildActionMask = 2147483647;
			files = (
				1818B1F621E1196C006E1B39 /* BabyGuard Mockup.pdf in Resources */,
				1818B1E221E0E906006E1B39 /* LaunchScreen.storyboard in Resources */,
				1818B1DF21E0E906006E1B39 /* Assets.xcassets in Resources */,
				1818B1DD21E0E905006E1B39 /* Main.storyboard in Resources */,
				18586D6322731CA5004F219C /* MyButtonLandscapeView.xib in Resources */,
				18991FED22184C2800180600 /* SecularOne-Regular.ttf in Resources */,
				18991FEF22184C3400180600 /* VarelaRound-Regular.ttf in Resources */,
				180CF2FC223D413500A9DEF2 /* GoogleService-Info.plist in Resources */,
				1866066D226B55BE006F20B0 /* MyButton.xib in Resources */,
			);
			runOnlyForDeploymentPostprocessing = 0;
		};
/* End PBXResourcesBuildPhase section */

/* Begin PBXShellScriptBuildPhase section */
		B258660DF6FD5BFF8B89A1E7 /* [CP] Check Pods Manifest.lock */ = {
			isa = PBXShellScriptBuildPhase;
			buildActionMask = 2147483647;
			files = (
			);
			inputFileListPaths = (
			);
			inputPaths = (
				"${PODS_PODFILE_DIR_PATH}/Podfile.lock",
				"${PODS_ROOT}/Manifest.lock",
			);
			name = "[CP] Check Pods Manifest.lock";
			outputFileListPaths = (
			);
			outputPaths = (
				"$(DERIVED_FILE_DIR)/Pods-Gmar-checkManifestLockResult.txt",
			);
			runOnlyForDeploymentPostprocessing = 0;
			shellPath = /bin/sh;
			shellScript = "diff \"${PODS_PODFILE_DIR_PATH}/Podfile.lock\" \"${PODS_ROOT}/Manifest.lock\" > /dev/null\nif [ $? != 0 ] ; then\n    # print error to STDERR\n    echo \"error: The sandbox is not in sync with the Podfile.lock. Run 'pod install' or update your CocoaPods installation.\" >&2\n    exit 1\nfi\n# This output is used by Xcode 'outputs' to avoid re-running this script phase.\necho \"SUCCESS\" > \"${SCRIPT_OUTPUT_FILE_0}\"\n";
			showEnvVarsInLog = 0;
		};
		FCBD757EED86638DFDA07BAD /* [CP] Embed Pods Frameworks */ = {
			isa = PBXShellScriptBuildPhase;
			buildActionMask = 2147483647;
			files = (
			);
			inputFileListPaths = (
			);
			inputPaths = (
				"${SRCROOT}/Pods/Target Support Files/Pods-Gmar/Pods-Gmar-frameworks.sh",
				"${BUILT_PRODUCTS_DIR}/Alamofire/Alamofire.framework",
				"${BUILT_PRODUCTS_DIR}/CropViewController/CropViewController.framework",
			);
			name = "[CP] Embed Pods Frameworks";
			outputFileListPaths = (
			);
			outputPaths = (
				"${TARGET_BUILD_DIR}/${FRAMEWORKS_FOLDER_PATH}/Alamofire.framework",
				"${TARGET_BUILD_DIR}/${FRAMEWORKS_FOLDER_PATH}/CropViewController.framework",
			);
			runOnlyForDeploymentPostprocessing = 0;
			shellPath = /bin/sh;
			shellScript = "\"${SRCROOT}/Pods/Target Support Files/Pods-Gmar/Pods-Gmar-frameworks.sh\"\n";
			showEnvVarsInLog = 0;
		};
/* End PBXShellScriptBuildPhase section */

/* Begin PBXSourcesBuildPhase section */
		1818B1D021E0E905006E1B39 /* Sources */ = {
			isa = PBXSourcesBuildPhase;
			buildActionMask = 2147483647;
			files = (
				A896494D22A179E80004FDE3 /* Alert+CoreDataProperties.swift in Sources */,
				1878879A221D54E90047A935 /* MultiChoiseTableViewCell.swift in Sources */,
				183CFCCF226F7AA600F7FF68 /* DesignViewsHelper.swift in Sources */,
				A872BE1622914ED70078DC5F /* Staff+CoreDataProperties.swift in Sources */,
				1887F4B9221B2A5A007682A8 /* GenericVC.swift in Sources */,
				1887F4B6221B1E13007682A8 /* GenericLiquidViewController.swift in Sources */,
				18DE415C226CBAC800314AA0 /* KidsInfoViewController.swift in Sources */,
				1885E94622A3BA8500B6FAE5 /* ImmidiateAlert.swift in Sources */,
				183CFCD9226F7D1700F7FF68 /* EdgeShadowLayer.swift in Sources */,
				1806E46B2268D24400F9CCE3 /* MyViewController.swift in Sources */,
				1835C4FD228FF98B00BF2AF2 /* FamilyReportEventViewController.swift in Sources */,
				18586D6022730926004F219C /* KidCollectionViewCell.swift in Sources */,
				1885E94822A3F49600B6FAE5 /* HeartRateViewController.swift in Sources */,
				A850811422AA620500B057C1 /* LiquidFood+CoreDataProperties.swift in Sources */,
				1818B1DA21E0E905006E1B39 /* MainWindowViewController.swift in Sources */,
				A872BE1922914FAF0078DC5F /* Child+CoreDataClass.swift in Sources */,
				1866066F226B597B006F20B0 /* MyButtonView.swift in Sources */,
				188C8E9A2291D1C000DF85B7 /* DevelopEventCollectionViewCell.swift in Sources */,
				183CFCCD226F7A3600F7FF68 /* AppColors.swift in Sources */,
				A8ED33842296861D008E4688 /* AuthorizedAccompanist+CoreDataProperties.swift in Sources */,
				1885E94122A2600C00B6FAE5 /* ModelPolling.swift in Sources */,
				A872BE1122914C930078DC5F /* Attendance+CoreDataClass.swift in Sources */,
				18146780226772640036BFC9 /* GenericLiquid_Confirmation.swift in Sources */,
				1878879C221D7C260047A935 /* DateAdmin.swift in Sources */,
				A872BE1A22914FAF0078DC5F /* Child+CoreDataProperties.swift in Sources */,
				180CF2FA223D3F9700A9DEF2 /* Gmar.xcdatamodeld in Sources */,
				A8576E09224A6DCA00CBA907 /* Disease+CoreDataClass.swift in Sources */,
				A8576DFD224A6D2700CBA907 /* GeneralBehavior+CoreDataClass.swift in Sources */,
				A872BE052290BA5B0078DC5F /* Secretion+CoreDataProperties.swift in Sources */,
				A8576E05224A6D9500CBA907 /* Parasites+CoreDataClass.swift in Sources */,
				183CFCD5226F7C9700F7FF68 /* KeyboardMovment.swift in Sources */,
				A872BE002290B9F00078DC5F /* Vomitus+CoreDataClass.swift in Sources */,
				A8576E12224A6E4C00CBA907 /* Rash+CoreDataProperties.swift in Sources */,
				A8576E1D224A6F0200CBA907 /* Fever+CoreDataClass.swift in Sources */,
				180CF300223D44F300A9DEF2 /* Model.swift in Sources */,
				A8ED33832296861D008E4688 /* AuthorizedAccompanist+CoreDataClass.swift in Sources */,
				A8299D6922537FDD006E961F /* Allergenic+CoreDataClass.swift in Sources */,
				A872BE042290BA5B0078DC5F /* Secretion+CoreDataClass.swift in Sources */,
				A850810B22AA37AF00B057C1 /* BasicEvent+CoreDataClass.swift in Sources */,
				188C8E9C2292C4AD00DF85B7 /* FamilyReportCollectionViewCell.swift in Sources */,
				A8576E0D224A6E1500CBA907 /* Medication+CoreDataClass.swift in Sources */,
				189B354522428E8E00D33A6C /* DiasesMedTableViewCell.swift in Sources */,
				A8299D6E22538538006E961F /* ChronicDisease+CoreDataClass.swift in Sources */,
				1835C4FA228EDC7D00BF2AF2 /* DevelopmentalEventTableViewCell.swift in Sources */,
				A88BBFAE225A7EB900F9C0B4 /* SolidFood+CoreDataClass.swift in Sources */,
				A8576E21224A6F4C00CBA907 /* Urine+CoreDataClass.swift in Sources */,
				189B353C224263CD00D33A6C /* ChildPickerTableViewCell.swift in Sources */,
				1885E94322A270A200B6FAE5 /* HttpError.swift in Sources */,
				A872BE0A229143070078DC5F /* FamilyReport+CoreDataProperties.swift in Sources */,
				A8576E1E224A6F0200CBA907 /* Fever+CoreDataProperties.swift in Sources */,
				A896494822A14BD40004FDE3 /* PulseAlert+CoreDataClass.swift in Sources */,
				A8576E35224A70DA00CBA907 /* Sleep+CoreDataClass.swift in Sources */,
				A896494922A14BD40004FDE3 /* PulseAlert+CoreDataProperties.swift in Sources */,
				A868E9AC227110CA000B3230 /* Cough+CoreDataProperties.swift in Sources */,
				18C59D6D225CEE65003BD029 /* GenericEventInfo_Confirmation.swift in Sources */,
				A868E9AB227110CA000B3230 /* Cough+CoreDataClass.swift in Sources */,
				A8576E06224A6D9500CBA907 /* Parasites+CoreDataProperties.swift in Sources */,
				188C8EA02292D9CD00DF85B7 /* AlertCollectionViewCell.swift in Sources */,
				1887F4AF221AE93A007682A8 /* GenericEventInfoViewController.swift in Sources */,
				A8299D73225386E4006E961F /* RoutineMedication+CoreDataClass.swift in Sources */,
				A8F7F381221888CB00F21DAD /* Utility.swift in Sources */,
				A896494C22A179E80004FDE3 /* Alert+CoreDataClass.swift in Sources */,
				1835C4F8228EDC0600BF2AF2 /* DevelopmentalEventViewController.swift in Sources */,
				A88BBFAA225A7E5100F9C0B4 /* Water+CoreDataClass.swift in Sources */,
				1887F4B4221B14A2007682A8 /* Enums.swift in Sources */,
				A8576E36224A70DA00CBA907 /* Sleep+CoreDataProperties.swift in Sources */,
				A872BE0D229149FC0078DC5F /* GeneralNote+CoreDataClass.swift in Sources */,
				A8299D74225386E4006E961F /* RoutineMedication+CoreDataProperties.swift in Sources */,
				1818B1D821E0E905006E1B39 /* AppDelegate.swift in Sources */,
				A833C299228BE2B8003855FB /* ModelHttp.swift in Sources */,
				18A25F3B2271AEAE009B6A6B /* BasicEventCollectionViewCell.swift in Sources */,
				A88BBFA722576A9A00F9C0B4 /* Food+CoreDataProperties.swift in Sources */,
				188C8E9E2292D9B200DF85B7 /* GeneralNoteCollectionViewCell.swift in Sources */,
				18586D6522731CB3004F219C /* MyButtonLandscapeView.swift in Sources */,
				1887F4B2221AFE0E007682A8 /* PaddingLabel.swift in Sources */,
				189B35362242384B00D33A6C /* SettingsViewController.swift in Sources */,
				A8576E25224A6F8000CBA907 /* Feces+CoreDataClass.swift in Sources */,
				183CFCD1226F7B5C00F7FF68 /* StackHelper.swift in Sources */,
				18DE415E226E391B00314AA0 /* IndividualInfoViewController.swift in Sources */,
				183CFCD7226F7CD800F7FF68 /* PhotosUtility.swift in Sources */,
				1887F4A82219DD2B007682A8 /* BasicEventViewController.swift in Sources */,
				180CF2FE223D427000A9DEF2 /* ModelFireBase.swift in Sources */,
				A872BE09229143070078DC5F /* FamilyReport+CoreDataClass.swift in Sources */,
				1887F4BF221B3FCD007682A8 /* RPicker.swift in Sources */,
				A88BBFAB225A7E5100F9C0B4 /* Water+CoreDataProperties.swift in Sources */,
				A8576E11224A6E4C00CBA907 /* Rash+CoreDataClass.swift in Sources */,
				1887F4AD221ADF15007682A8 /* GenericDecisionViewController.swift in Sources */,
				A872BE1522914ED70078DC5F /* Staff+CoreDataClass.swift in Sources */,
				185169682299338100A4E929 /* DeleteViewController.swift in Sources */,
				18BFE1952246739E0084D766 /* AddTeacherViewController.swift in Sources */,
				A8576DFE224A6D2700CBA907 /* GeneralBehavior+CoreDataProperties.swift in Sources */,
				18FA86FF224F6F8400CFA4ED /* SimpleAlert.swift in Sources */,
				A8299D6A22537FDD006E961F /* Allergenic+CoreDataProperties.swift in Sources */,
				A850810C22AA37AF00B057C1 /* BasicEvent+CoreDataProperties.swift in Sources */,
				A850811322AA620500B057C1 /* LiquidFood+CoreDataClass.swift in Sources */,
				A850810F22AA584200B057C1 /* DevelopmentalEvent+CoreDataClass.swift in Sources */,
				A88BBFA622576A9A00F9C0B4 /* Food+CoreDataClass.swift in Sources */,
				A872BE1222914C930078DC5F /* Attendance+CoreDataProperties.swift in Sources */,
				A8576E0E224A6E1500CBA907 /* Medication+CoreDataProperties.swift in Sources */,
				1885E94A22A414BB00B6FAE5 /* JsonParsing.swift in Sources */,
				18BFE193224651250084D766 /* Permissions.swift in Sources */,
				18991FF122185E6600180600 /* TeacherAddEventViewController.swift in Sources */,
				A8299D6F22538538006E961F /* ChronicDisease+CoreDataProperties.swift in Sources */,
				189B354122428E4B00D33A6C /* AlergicTableViewCell.swift in Sources */,
				A872BE0E229149FC0078DC5F /* GeneralNote+CoreDataProperties.swift in Sources */,
				189B353E224275C000D33A6C /* AddChildSecondViewController.swift in Sources */,
				A850811022AA584200B057C1 /* DevelopmentalEvent+CoreDataProperties.swift in Sources */,
				A8576E22224A6F4C00CBA907 /* Urine+CoreDataProperties.swift in Sources */,
				18788798221D4C510047A935 /* MultiChoiseViewController.swift in Sources */,
				A872BE012290B9F00078DC5F /* Vomitus+CoreDataProperties.swift in Sources */,
				189B353A22423DE600D33A6C /* AddChildViewController.swift in Sources */,
				1851696A229933EB00A4E929 /* DeleteTableViewCell.swift in Sources */,
				1887F4A62219D0B5007682A8 /* EventKindViewController.swift in Sources */,
				1835C4F6228EC4A900BF2AF2 /* DevelopmentalEventsDataSource.swift in Sources */,
				183CFCD3226F7C0300F7FF68 /* TapGestures.swift in Sources */,
				A8576E26224A6F8000CBA907 /* Feces+CoreDataProperties.swift in Sources */,
				A8576E0A224A6DCA00CBA907 /* Disease+CoreDataProperties.swift in Sources */,
				189B354322428E6900D33A6C /* FoodsTableViewCell.swift in Sources */,
				A88BBFAF225A7EB900F9C0B4 /* SolidFood+CoreDataProperties.swift in Sources */,
			);
			runOnlyForDeploymentPostprocessing = 0;
		};
/* End PBXSourcesBuildPhase section */

/* Begin PBXVariantGroup section */
		1818B1DB21E0E905006E1B39 /* Main.storyboard */ = {
			isa = PBXVariantGroup;
			children = (
				1818B1DC21E0E905006E1B39 /* Base */,
			);
			name = Main.storyboard;
			sourceTree = "<group>";
		};
		1818B1E021E0E906006E1B39 /* LaunchScreen.storyboard */ = {
			isa = PBXVariantGroup;
			children = (
				1818B1E121E0E906006E1B39 /* Base */,
			);
			name = LaunchScreen.storyboard;
			sourceTree = "<group>";
		};
/* End PBXVariantGroup section */

/* Begin XCBuildConfiguration section */
		1818B1E421E0E906006E1B39 /* Debug */ = {
			isa = XCBuildConfiguration;
			buildSettings = {
				ALWAYS_SEARCH_USER_PATHS = NO;
				CLANG_ANALYZER_NONNULL = YES;
				CLANG_ANALYZER_NUMBER_OBJECT_CONVERSION = YES_AGGRESSIVE;
				CLANG_CXX_LANGUAGE_STANDARD = "gnu++14";
				CLANG_CXX_LIBRARY = "libc++";
				CLANG_ENABLE_MODULES = YES;
				CLANG_ENABLE_OBJC_ARC = YES;
				CLANG_ENABLE_OBJC_WEAK = YES;
				CLANG_WARN_BLOCK_CAPTURE_AUTORELEASING = YES;
				CLANG_WARN_BOOL_CONVERSION = YES;
				CLANG_WARN_COMMA = YES;
				CLANG_WARN_CONSTANT_CONVERSION = YES;
				CLANG_WARN_DEPRECATED_OBJC_IMPLEMENTATIONS = YES;
				CLANG_WARN_DIRECT_OBJC_ISA_USAGE = YES_ERROR;
				CLANG_WARN_DOCUMENTATION_COMMENTS = YES;
				CLANG_WARN_EMPTY_BODY = YES;
				CLANG_WARN_ENUM_CONVERSION = YES;
				CLANG_WARN_INFINITE_RECURSION = YES;
				CLANG_WARN_INT_CONVERSION = YES;
				CLANG_WARN_NON_LITERAL_NULL_CONVERSION = YES;
				CLANG_WARN_OBJC_IMPLICIT_RETAIN_SELF = YES;
				CLANG_WARN_OBJC_LITERAL_CONVERSION = YES;
				CLANG_WARN_OBJC_ROOT_CLASS = YES_ERROR;
				CLANG_WARN_RANGE_LOOP_ANALYSIS = YES;
				CLANG_WARN_STRICT_PROTOTYPES = YES;
				CLANG_WARN_SUSPICIOUS_MOVE = YES;
				CLANG_WARN_UNGUARDED_AVAILABILITY = YES_AGGRESSIVE;
				CLANG_WARN_UNREACHABLE_CODE = YES;
				CLANG_WARN__DUPLICATE_METHOD_MATCH = YES;
				CODE_SIGN_IDENTITY = "iPhone Developer";
				COPY_PHASE_STRIP = NO;
				DEBUG_INFORMATION_FORMAT = dwarf;
				ENABLE_STRICT_OBJC_MSGSEND = YES;
				ENABLE_TESTABILITY = YES;
				GCC_C_LANGUAGE_STANDARD = gnu11;
				GCC_DYNAMIC_NO_PIC = NO;
				GCC_NO_COMMON_BLOCKS = YES;
				GCC_OPTIMIZATION_LEVEL = 0;
				GCC_PREPROCESSOR_DEFINITIONS = (
					"DEBUG=1",
					"$(inherited)",
				);
				GCC_WARN_64_TO_32_BIT_CONVERSION = YES;
				GCC_WARN_ABOUT_RETURN_TYPE = YES_ERROR;
				GCC_WARN_UNDECLARED_SELECTOR = YES;
				GCC_WARN_UNINITIALIZED_AUTOS = YES_AGGRESSIVE;
				GCC_WARN_UNUSED_FUNCTION = YES;
				GCC_WARN_UNUSED_VARIABLE = YES;
				IPHONEOS_DEPLOYMENT_TARGET = 12.1;
				MTL_ENABLE_DEBUG_INFO = INCLUDE_SOURCE;
				MTL_FAST_MATH = YES;
				ONLY_ACTIVE_ARCH = YES;
				SDKROOT = iphoneos;
				SWIFT_ACTIVE_COMPILATION_CONDITIONS = DEBUG;
				SWIFT_OPTIMIZATION_LEVEL = "-Onone";
			};
			name = Debug;
		};
		1818B1E521E0E906006E1B39 /* Release */ = {
			isa = XCBuildConfiguration;
			buildSettings = {
				ALWAYS_SEARCH_USER_PATHS = NO;
				CLANG_ANALYZER_NONNULL = YES;
				CLANG_ANALYZER_NUMBER_OBJECT_CONVERSION = YES_AGGRESSIVE;
				CLANG_CXX_LANGUAGE_STANDARD = "gnu++14";
				CLANG_CXX_LIBRARY = "libc++";
				CLANG_ENABLE_MODULES = YES;
				CLANG_ENABLE_OBJC_ARC = YES;
				CLANG_ENABLE_OBJC_WEAK = YES;
				CLANG_WARN_BLOCK_CAPTURE_AUTORELEASING = YES;
				CLANG_WARN_BOOL_CONVERSION = YES;
				CLANG_WARN_COMMA = YES;
				CLANG_WARN_CONSTANT_CONVERSION = YES;
				CLANG_WARN_DEPRECATED_OBJC_IMPLEMENTATIONS = YES;
				CLANG_WARN_DIRECT_OBJC_ISA_USAGE = YES_ERROR;
				CLANG_WARN_DOCUMENTATION_COMMENTS = YES;
				CLANG_WARN_EMPTY_BODY = YES;
				CLANG_WARN_ENUM_CONVERSION = YES;
				CLANG_WARN_INFINITE_RECURSION = YES;
				CLANG_WARN_INT_CONVERSION = YES;
				CLANG_WARN_NON_LITERAL_NULL_CONVERSION = YES;
				CLANG_WARN_OBJC_IMPLICIT_RETAIN_SELF = YES;
				CLANG_WARN_OBJC_LITERAL_CONVERSION = YES;
				CLANG_WARN_OBJC_ROOT_CLASS = YES_ERROR;
				CLANG_WARN_RANGE_LOOP_ANALYSIS = YES;
				CLANG_WARN_STRICT_PROTOTYPES = YES;
				CLANG_WARN_SUSPICIOUS_MOVE = YES;
				CLANG_WARN_UNGUARDED_AVAILABILITY = YES_AGGRESSIVE;
				CLANG_WARN_UNREACHABLE_CODE = YES;
				CLANG_WARN__DUPLICATE_METHOD_MATCH = YES;
				CODE_SIGN_IDENTITY = "iPhone Developer";
				COPY_PHASE_STRIP = NO;
				DEBUG_INFORMATION_FORMAT = "dwarf-with-dsym";
				ENABLE_NS_ASSERTIONS = NO;
				ENABLE_STRICT_OBJC_MSGSEND = YES;
				GCC_C_LANGUAGE_STANDARD = gnu11;
				GCC_NO_COMMON_BLOCKS = YES;
				GCC_WARN_64_TO_32_BIT_CONVERSION = YES;
				GCC_WARN_ABOUT_RETURN_TYPE = YES_ERROR;
				GCC_WARN_UNDECLARED_SELECTOR = YES;
				GCC_WARN_UNINITIALIZED_AUTOS = YES_AGGRESSIVE;
				GCC_WARN_UNUSED_FUNCTION = YES;
				GCC_WARN_UNUSED_VARIABLE = YES;
				IPHONEOS_DEPLOYMENT_TARGET = 12.1;
				MTL_ENABLE_DEBUG_INFO = NO;
				MTL_FAST_MATH = YES;
				SDKROOT = iphoneos;
				SWIFT_COMPILATION_MODE = wholemodule;
				SWIFT_OPTIMIZATION_LEVEL = "-O";
				VALIDATE_PRODUCT = YES;
			};
			name = Release;
		};
		1818B1E721E0E906006E1B39 /* Debug */ = {
			isa = XCBuildConfiguration;
			baseConfigurationReference = 3F238E27AA9B72A30D32760F /* Pods-Gmar.debug.xcconfig */;
			buildSettings = {
				ASSETCATALOG_COMPILER_APPICON_NAME = AppIcon;
				ASSETCATALOG_COMPILER_LAUNCHIMAGE_NAME = LaunchImage;
				CODE_SIGN_IDENTITY = "iPhone Developer";
				CODE_SIGN_STYLE = Automatic;
				DEVELOPMENT_TEAM = YKNQ4Y4FEY;
				INFOPLIST_FILE = Gmar/Info.plist;
				LD_RUNPATH_SEARCH_PATHS = (
					"$(inherited)",
					"@executable_path/Frameworks",
				);
				PRODUCT_BUNDLE_IDENTIFIER = finalProject.Gmar12;
				PRODUCT_NAME = "$(TARGET_NAME)";
				PROVISIONING_PROFILE_SPECIFIER = "";
				SWIFT_REFLECTION_METADATA_LEVEL = all;
				SWIFT_VERSION = 5.0;
				TARGETED_DEVICE_FAMILY = 2;
			};
			name = Debug;
		};
		1818B1E821E0E906006E1B39 /* Release */ = {
			isa = XCBuildConfiguration;
			baseConfigurationReference = F07399715B8B4AE5272EF714 /* Pods-Gmar.release.xcconfig */;
			buildSettings = {
				ASSETCATALOG_COMPILER_APPICON_NAME = AppIcon;
				ASSETCATALOG_COMPILER_LAUNCHIMAGE_NAME = LaunchImage;
				CODE_SIGN_IDENTITY = "iPhone Developer";
				CODE_SIGN_STYLE = Automatic;
				DEVELOPMENT_TEAM = YKNQ4Y4FEY;
				INFOPLIST_FILE = Gmar/Info.plist;
				LD_RUNPATH_SEARCH_PATHS = (
					"$(inherited)",
					"@executable_path/Frameworks",
				);
				PRODUCT_BUNDLE_IDENTIFIER = finalProject.Gmar12;
				PRODUCT_NAME = "$(TARGET_NAME)";
				PROVISIONING_PROFILE_SPECIFIER = "";
				SWIFT_REFLECTION_METADATA_LEVEL = all;
				SWIFT_VERSION = 5.0;
				TARGETED_DEVICE_FAMILY = 2;
			};
			name = Release;
		};
/* End XCBuildConfiguration section */

/* Begin XCConfigurationList section */
		1818B1CF21E0E905006E1B39 /* Build configuration list for PBXProject "Gmar" */ = {
			isa = XCConfigurationList;
			buildConfigurations = (
				1818B1E421E0E906006E1B39 /* Debug */,
				1818B1E521E0E906006E1B39 /* Release */,
			);
			defaultConfigurationIsVisible = 0;
			defaultConfigurationName = Release;
		};
		1818B1E621E0E906006E1B39 /* Build configuration list for PBXNativeTarget "Gmar" */ = {
			isa = XCConfigurationList;
			buildConfigurations = (
				1818B1E721E0E906006E1B39 /* Debug */,
				1818B1E821E0E906006E1B39 /* Release */,
			);
			defaultConfigurationIsVisible = 0;
			defaultConfigurationName = Release;
		};
/* End XCConfigurationList section */

/* Begin XCVersionGroup section */
		180CF2F8223D3F9700A9DEF2 /* Gmar.xcdatamodeld */ = {
			isa = XCVersionGroup;
			children = (
				180CF2F9223D3F9700A9DEF2 /* DataModel.xcdatamodel */,
			);
			currentVersion = 180CF2F9223D3F9700A9DEF2 /* DataModel.xcdatamodel */;
			path = Gmar.xcdatamodeld;
			sourceTree = "<group>";
			versionGroupType = wrapper.xcdatamodel;
		};
/* End XCVersionGroup section */
	};
	rootObject = 1818B1CC21E0E905006E1B39 /* Project object */;
}
